// !$*UTF8*$!
{
	archiveVersion = 1;
	classes = {
	};
	objectVersion = 77;
	objects = {

/* Begin PBXBuildFile section */
		01FA7370211F6DC056721116 /* Assets.xcassets in Resources */ = {isa = PBXBuildFile; fileRef = 3DE47B97A300C1CC89CD02B0 /* Assets.xcassets */; };
		02A3DF2E2A93DF3BF391C823 /* TunedInAppearance.swift in Sources */ = {isa = PBXBuildFile; fileRef = 8BB6E4FE735BE91A1C03412D /* TunedInAppearance.swift */; };
		063A304A122AB3F34C63D114 /* TunedInDesignSystem.swift in Sources */ = {isa = PBXBuildFile; fileRef = 532F8D6E5EB000F34B910F42 /* TunedInDesignSystem.swift */; };
		0686BF43E368DFAE66D3ED69 /* TelemetryTests.swift in Sources */ = {isa = PBXBuildFile; fileRef = DD654ACD06E9E04AD7DA86BF /* TelemetryTests.swift */; };
		083DFB2EDCC427DB5E1FC3B2 /* TelemetrySanitizer.swift in Sources */ = {isa = PBXBuildFile; fileRef = 3435407F7622C2A1679CA34E /* TelemetrySanitizer.swift */; };
		0E6D384B54ED7E72CF6AF219 /* Supabase in Frameworks */ = {isa = PBXBuildFile; productRef = CB89FFF236B4128126206475 /* Supabase */; };
		1074AE742D18F1043F2EC934 /* DevelopmentSocialRepository.swift in Sources */ = {isa = PBXBuildFile; fileRef = 96E0DD7FF8EEA60EC2BF9AFB /* DevelopmentSocialRepository.swift */; };
		113D27B6136FBB89C6B8D9A0 /* AvatarImageProcessorTests.swift in Sources */ = {isa = PBXBuildFile; fileRef = 57FDDFA7886E6E8E872E5AF9 /* AvatarImageProcessorTests.swift */; };
		120F59420E5B1D42BAE52358 /* CachingConcertFixtures.swift in Sources */ = {isa = PBXBuildFile; fileRef = 74E554D5641FBB717D1051A1 /* CachingConcertFixtures.swift */; };
		14788058168E50F5EC505E4B /* CachingConcertMutationTestSupport.swift in Sources */ = {isa = PBXBuildFile; fileRef = 25E0AC916EDCB0067656B14C /* CachingConcertMutationTestSupport.swift */; };
		1793E9051F51C7519FF80E6E /* ConcertInputTests.swift in Sources */ = {isa = PBXBuildFile; fileRef = 21073FA12796111F79010BBE /* ConcertInputTests.swift */; };
		1B3DDAF057B8F6E131BDC885 /* LocalSeededAccountTests.swift in Sources */ = {isa = PBXBuildFile; fileRef = CC42DD81FFABFB4F55ECBD0E /* LocalSeededAccountTests.swift */; };
		1F2FB2032D33D2A7A5C26C62 /* AppDataCache+Construction.swift in Sources */ = {isa = PBXBuildFile; fileRef = 66ACE6CCD64E65364C095CE8 /* AppDataCache+Construction.swift */; };
		1F370D3E3BCB807C700E18B0 /* ProfileTabView.swift in Sources */ = {isa = PBXBuildFile; fileRef = E0FBCDF44CFFCD6B78B8DD54 /* ProfileTabView.swift */; };
		216391B52A478DAA34F5ECAC /* CachedRemoteImage.swift in Sources */ = {isa = PBXBuildFile; fileRef = 3C8D7EE83773ECBDDB7AD93E /* CachedRemoteImage.swift */; };
		239BFE8594ABAC004DDA2D9E /* AlbumUploadBatchExecutor.swift in Sources */ = {isa = PBXBuildFile; fileRef = 36855C0A3DE0CB302D9FE025 /* AlbumUploadBatchExecutor.swift */; };
		2577832D8CB24FADB94E3250 /* ConcertRepository.swift in Sources */ = {isa = PBXBuildFile; fileRef = 7C87D147D8C4F0FABCE333EE /* ConcertRepository.swift */; };
		259574E3EFD5725A0A08BDB1 /* SupabaseFeedbackRepository.swift in Sources */ = {isa = PBXBuildFile; fileRef = 8B47AAA7591E2615D19B0DE8 /* SupabaseFeedbackRepository.swift */; };
		29178E4550968F8687FE86CA /* DevelopmentConcertRepositoryTests.swift in Sources */ = {isa = PBXBuildFile; fileRef = 8D20A416A01449F03EA5661F /* DevelopmentConcertRepositoryTests.swift */; };
		2AEC9C708B7ADD5C38F331BE /* SupabaseAuthenticationRepository.swift in Sources */ = {isa = PBXBuildFile; fileRef = D967C5B386F95DD48B19CAE9 /* SupabaseAuthenticationRepository.swift */; };
		2B4113343973AA06563A64DD /* CachingConcertRepositoryTests.swift in Sources */ = {isa = PBXBuildFile; fileRef = 0FFF5BB2D4E0012FC744B6C7 /* CachingConcertRepositoryTests.swift */; };
		2EF48A51D139DB745D41B9E3 /* AppDataCache.swift in Sources */ = {isa = PBXBuildFile; fileRef = ED2886E2E60B530A1E241144 /* AppDataCache.swift */; };
		305EB7B1166D9EC2981A9292 /* AppFailureTests.swift in Sources */ = {isa = PBXBuildFile; fileRef = 1243DF949645D1AB5318AC3A /* AppFailureTests.swift */; };
		31D622AFEF6EE9C7391285DE /* OnboardingView.swift in Sources */ = {isa = PBXBuildFile; fileRef = 69FF7F1D63EE17CDDD562417 /* OnboardingView.swift */; };
		395C8557A1C118C14C1806B9 /* SignedURLCacheTests.swift in Sources */ = {isa = PBXBuildFile; fileRef = 2F7883953FF6E8AF449F2EEE /* SignedURLCacheTests.swift */; };
		3DDFF6632A0FF59AA5074712 /* ConcertArchiveView.swift in Sources */ = {isa = PBXBuildFile; fileRef = A439D31D760416F79E073FAB /* ConcertArchiveView.swift */; };
		416E16CEB733DF73D5D7DD64 /* FeedbackRepository.swift in Sources */ = {isa = PBXBuildFile; fileRef = 5F2144AD14AFB8762C4E55F1 /* FeedbackRepository.swift */; };
		41BDB81104C4F1D219D1CEED /* CachingConcertRepositoryAssertions.swift in Sources */ = {isa = PBXBuildFile; fileRef = 92C58F63460E2CA54114828E /* CachingConcertRepositoryAssertions.swift */; };
		439D26423A0BE361FF528EFB /* SupabaseMusicCatalogRepository.swift in Sources */ = {isa = PBXBuildFile; fileRef = B0C565BFA62211C3BF34AD55 /* SupabaseMusicCatalogRepository.swift */; };
		4A58FD142ED9EDD99A299E8C /* AppDataCache+Mutation.swift in Sources */ = {isa = PBXBuildFile; fileRef = 00AA7CDE85C3B0F94346A4CA /* AppDataCache+Mutation.swift */; };
		4A7F7564BB0EE2561B60B00F /* AppSessionPhase+Authentication.swift in Sources */ = {isa = PBXBuildFile; fileRef = DA2D068894590F87FC06DF4D /* AppSessionPhase+Authentication.swift */; };
		4D5EE7414954BFC0D4FAB931 /* TelemetryClient.swift in Sources */ = {isa = PBXBuildFile; fileRef = 531CDC9DE20342FF17125961 /* TelemetryClient.swift */; };
		4DEE2B4C25A87C1C688EBCB1 /* GoogleAuthenticationClient.swift in Sources */ = {isa = PBXBuildFile; fileRef = DAB98AA3DDEE979A1C52AA7E /* GoogleAuthenticationClient.swift */; };
		502ED9B66C75E572400D0553 /* CachingSocialRepositoryTests.swift in Sources */ = {isa = PBXBuildFile; fileRef = 1BE2F9F51BD9E636B4A4F0F2 /* CachingSocialRepositoryTests.swift */; };
		50A81F38CF306B62FD2C87D7 /* AppSession.swift in Sources */ = {isa = PBXBuildFile; fileRef = 887C95DD1BE38E3C830C4D80 /* AppSession.swift */; };
		5164EBAA34A274523174EBEB /* CachingConcertRepository.swift in Sources */ = {isa = PBXBuildFile; fileRef = E8CDE1BDB3C83CC1A3364240 /* CachingConcertRepository.swift */; };
		54681288DB3FCA58A1E8E9B2 /* MusicCatalogTests.swift in Sources */ = {isa = PBXBuildFile; fileRef = 3FDCCD256D3857937D157AEB /* MusicCatalogTests.swift */; };
		578D26050C3AABF525F572E7 /* SocialRepository.swift in Sources */ = {isa = PBXBuildFile; fileRef = 9DC82061C2F01AA6CEB2F6BC /* SocialRepository.swift */; };
		57F081E618CAF393AF471A66 /* RootView.swift in Sources */ = {isa = PBXBuildFile; fileRef = 5EB6C524BEA58A2B8496E011 /* RootView.swift */; };
		580A93FE07FE0567E4FE811B /* CachingProfileRepositoryTests.swift in Sources */ = {isa = PBXBuildFile; fileRef = 01B0D96A0DB3CFC7F3523631 /* CachingProfileRepositoryTests.swift */; };
		5EEBEE3DD207E153FB648433 /* GoogleAuthenticationClientTests.swift in Sources */ = {isa = PBXBuildFile; fileRef = F6AB621B9A64BDE7C998C6D0 /* GoogleAuthenticationClientTests.swift */; };
		61EA68C9D69C488AD366940C /* DevelopmentSocialRepositoryTests.swift in Sources */ = {isa = PBXBuildFile; fileRef = 5459A1928EB0514BA0734156 /* DevelopmentSocialRepositoryTests.swift */; };
		6563BD0226642A274D98FEF0 /* DevelopmentMusicCatalogRepository.swift in Sources */ = {isa = PBXBuildFile; fileRef = F20D2B78AD7D4882CBBD874F /* DevelopmentMusicCatalogRepository.swift */; };
		65B10C1D7A2DE2006D794A5C /* EmailSignInView.swift in Sources */ = {isa = PBXBuildFile; fileRef = 1FED4A315859A86F043EA6A2 /* EmailSignInView.swift */; };
		66A649DA73F6A444CBA73DC8 /* CachingProfileRepository.swift in Sources */ = {isa = PBXBuildFile; fileRef = D8363D03499B325C56A35037 /* CachingProfileRepository.swift */; };
		67345CBEAC36CF672F4158E0 /* Profile.swift in Sources */ = {isa = PBXBuildFile; fileRef = 985739D4F2A12A277B1F5632 /* Profile.swift */; };
		688D1000AEFBC476BB11BD63 /* SocialProfileSearchCache.swift in Sources */ = {isa = PBXBuildFile; fileRef = 12BF5F5977FF497486952221 /* SocialProfileSearchCache.swift */; };
		690FC5B8BB56B1E30AC47B72 /* AppConfiguration.swift in Sources */ = {isa = PBXBuildFile; fileRef = B70F123405BE8D8AEC81A601 /* AppConfiguration.swift */; };
		69F0EFB8BBFFC8F44FBAAA53 /* FeedbackView.swift in Sources */ = {isa = PBXBuildFile; fileRef = ADA1EA5245BDFD82C605C81B /* FeedbackView.swift */; };
		69F1F1BC49DF4485D2DCFDA2 /* MusicCatalog.swift in Sources */ = {isa = PBXBuildFile; fileRef = F3F90592227251CD56A4751F /* MusicCatalog.swift */; };
		6C0EDB26F090351F12437B36 /* TelemetrySettingsView.swift in Sources */ = {isa = PBXBuildFile; fileRef = 9C0DDFE97BC599D751B4B028 /* TelemetrySettingsView.swift */; };
		6E2D811C78F565BE6B11B403 /* ProfileRepository.swift in Sources */ = {isa = PBXBuildFile; fileRef = 9717CE9DFB9D76660ECB11B4 /* ProfileRepository.swift */; };
		6F2919030AA61C68435BC5B8 /* Concert.swift in Sources */ = {isa = PBXBuildFile; fileRef = 61399B814DE19CDCDA167DE0 /* Concert.swift */; };
		718A767D406EBF76FBCB488B /* AppCacheTypes.swift in Sources */ = {isa = PBXBuildFile; fileRef = 55A9490B05F3968CDA10B425 /* AppCacheTypes.swift */; };
		719F101178208A613D6F7483 /* ConcertPhotoView.swift in Sources */ = {isa = PBXBuildFile; fileRef = 0A5695E4F2552EBE2BF611CB /* ConcertPhotoView.swift */; };
		722B683A23266AE95A60654F /* TelemetryModels.swift in Sources */ = {isa = PBXBuildFile; fileRef = E103725C09E72C1E7A74466D /* TelemetryModels.swift */; };
		727253E2D1A906BA97CFDAE5 /* NativeSocialAuthenticationTests.swift in Sources */ = {isa = PBXBuildFile; fileRef = EE537AE3FB6165A62FE039E0 /* NativeSocialAuthenticationTests.swift */; };
		7A9E943A4D2A0A5CD8AF0398 /* ConcertCreationFormSections.swift in Sources */ = {isa = PBXBuildFile; fileRef = BD75288821322770423012C4 /* ConcertCreationFormSections.swift */; };
		7C5E39EEC50F78A16D6351E4 /* CatalogSearchModel.swift in Sources */ = {isa = PBXBuildFile; fileRef = 6E9515DFEDEC6E1303CB06D2 /* CatalogSearchModel.swift */; };
		7F900D7F871E8EB8BF235637 /* afterglow-stage.png in Resources */ = {isa = PBXBuildFile; fileRef = EA95DDDDA02A9205456F296D /* afterglow-stage.png */; };
		83A9DCB96622FE84342F37C4 /* TunedInAppearanceTests.swift in Sources */ = {isa = PBXBuildFile; fileRef = 93B17BB128F3EE14857B0AEB /* TunedInAppearanceTests.swift */; };
		84FDEA100713BBBCA0F44762 /* AppMediaCacheTests.swift in Sources */ = {isa = PBXBuildFile; fileRef = 5B4D78CF3EBF909F50D10F04 /* AppMediaCacheTests.swift */; };
		859F522D8C2735A0948A2B71 /* SupabaseSocialRepository.swift in Sources */ = {isa = PBXBuildFile; fileRef = 97612F74273AC229E9F25417 /* SupabaseSocialRepository.swift */; };
		8A0FCDC894E557A1EFB27587 /* AvatarImageProcessor.swift in Sources */ = {isa = PBXBuildFile; fileRef = 3531262D0A7C77D265C40BCC /* AvatarImageProcessor.swift */; };
		8D0C2469F76045C3E7492016 /* AppMediaCache.swift in Sources */ = {isa = PBXBuildFile; fileRef = 392C5C1729F221FD114BA53B /* AppMediaCache.swift */; };
		8DB5FDBE3AA6727C196A4337 /* AppFailure.swift in Sources */ = {isa = PBXBuildFile; fileRef = 9A61F3A9F8448FD6AAF002FA /* AppFailure.swift */; };
		8E89ADE92E9EC969C9642D6B /* SignedURLCache.swift in Sources */ = {isa = PBXBuildFile; fileRef = E54458C966F7E7F37C5F7C1B /* SignedURLCache.swift */; };
		8F3C5D513BD8199AFC4896DC /* AuthenticationRepository.swift in Sources */ = {isa = PBXBuildFile; fileRef = 075C8094B7B7249F8E4DF36F /* AuthenticationRepository.swift */; };
		8FCAFFA83A941FD8C0EB2B6F /* tunedInApp.swift in Sources */ = {isa = PBXBuildFile; fileRef = 8046DFD22BCA47A3E52C7793 /* tunedInApp.swift */; };
		905E3D91E2B813DA12200AAD /* SupabaseConcertRepository.swift in Sources */ = {isa = PBXBuildFile; fileRef = D3B89C2123769CE8C8EE2427 /* SupabaseConcertRepository.swift */; };
		92360D3D1229A15146C11DFE /* AlbumReadinessTests.swift in Sources */ = {isa = PBXBuildFile; fileRef = 4B185CD800E6B9369C52FD98 /* AlbumReadinessTests.swift */; };
		92D3C73DFE5BD6BA1C81A095 /* TunedInKeyboardPresentationTests.swift in Sources */ = {isa = PBXBuildFile; fileRef = 4F9B1A4D54544CD7AA15C942 /* TunedInKeyboardPresentationTests.swift */; };
		9453A4623DBE50BCDF3AEC5F /* SwiftDataSnapshotStore.swift in Sources */ = {isa = PBXBuildFile; fileRef = 4B166E29D4B9DBD8DCFFC12B /* SwiftDataSnapshotStore.swift */; };
		96F67B93C5CE32802A7BBF7F /* CatalogCustomEntryView.swift in Sources */ = {isa = PBXBuildFile; fileRef = 9993F302F8677B71155395C6 /* CatalogCustomEntryView.swift */; };
		9807142221226376AA502CAC /* CachingConcertRepositoryTestSupport.swift in Sources */ = {isa = PBXBuildFile; fileRef = A63A5DA16780038538F59309 /* CachingConcertRepositoryTestSupport.swift */; };
		98FB5D12AFC8CB5F72B906F7 /* AppCacheStorageTests.swift in Sources */ = {isa = PBXBuildFile; fileRef = D9874CBB46B7C10D8BD3D130 /* AppCacheStorageTests.swift */; };
		995AACDF119F6E2E3067FC3D /* ConcertMonogramViews.swift in Sources */ = {isa = PBXBuildFile; fileRef = 8CE4DB3E207A0AC8993F44B3 /* ConcertMonogramViews.swift */; };
		9B82FB9B7F094931B9622D52 /* AppContainer.swift in Sources */ = {isa = PBXBuildFile; fileRef = 52FC5FA5CC195C96AC2F7E11 /* AppContainer.swift */; };
		9C11EF2F74441C11ACC3B3C2 /* AppCacheDiagnostics.swift in Sources */ = {isa = PBXBuildFile; fileRef = E129D134607112FF14A7D0C4 /* AppCacheDiagnostics.swift */; };
		9EF2B758E88A5DDFF15F0B12 /* AppSessionSignOutTests.swift in Sources */ = {isa = PBXBuildFile; fileRef = CD9A69947EB0D7D466B95A6D /* AppSessionSignOutTests.swift */; };
		A111EE6F1E729528DDD55F8D /* ProfileAvatarView.swift in Sources */ = {isa = PBXBuildFile; fileRef = B583B6D8C84821B5F36ABC1A /* ProfileAvatarView.swift */; };
		A555A5875A5637540E1BC35E /* SupabaseProfileRepository.swift in Sources */ = {isa = PBXBuildFile; fileRef = C659A65B20724EDB509145AB /* SupabaseProfileRepository.swift */; };
		A8A2DDCEBC958A4C3C29E0A0 /* EmailVerificationView.swift in Sources */ = {isa = PBXBuildFile; fileRef = 2644431350079CF5B9312C52 /* EmailVerificationView.swift */; };
		AC269C3B78F78CDE8267040A /* CachingSocialRepositoryTestSupport.swift in Sources */ = {isa = PBXBuildFile; fileRef = CC1E38A8A523C54E3092618A /* CachingSocialRepositoryTestSupport.swift */; };
		ACE8334B175DF5C109B78F0C /* ConcertCreationView.swift in Sources */ = {isa = PBXBuildFile; fileRef = 1B68A83B5FEE54C667FDD5DF /* ConcertCreationView.swift */; };
		AE81DCE029F4C5D0BAFD47C3 /* CachingSocialRepository.swift in Sources */ = {isa = PBXBuildFile; fileRef = 14F8C6D775F7CCFD0EECADC0 /* CachingSocialRepository.swift */; };
		AF47C399A33E2C4A3552A4D9 /* AppDataCache+Entries.swift in Sources */ = {isa = PBXBuildFile; fileRef = 49118DB38941F0B19D636AA3 /* AppDataCache+Entries.swift */; };
		B0D627D07A1F3473D8C920C8 /* ConcertAlbumView.swift in Sources */ = {isa = PBXBuildFile; fileRef = D9224775E10F128EC952F4D9 /* ConcertAlbumView.swift */; };
		B285EF895AF1F404CC298893 /* DevelopmentScenarioTests.swift in Sources */ = {isa = PBXBuildFile; fileRef = AB65B95E9AC543A960D5F27F /* DevelopmentScenarioTests.swift */; };
		B2D002378F618540456FC7A2 /* CachingConcertMutationTests.swift in Sources */ = {isa = PBXBuildFile; fileRef = CBB5EF092381A81E8DCEABEA /* CachingConcertMutationTests.swift */; };
		B8CBC183E1F8AE0DF5C0B243 /* CachingConcertRepository+Mutations.swift in Sources */ = {isa = PBXBuildFile; fileRef = 8DEC91D36EDA24AC3AEC5998 /* CachingConcertRepository+Mutations.swift */; };
		BA7A55F7A9F1B31C691FDC04 /* DevelopmentConcertRepository.swift in Sources */ = {isa = PBXBuildFile; fileRef = ED1E308009003391C9687626 /* DevelopmentConcertRepository.swift */; };
		BDA4800089B8C2A1AEA9EB36 /* ConcertCommentsView.swift in Sources */ = {isa = PBXBuildFile; fileRef = 57A397514DA79526B0C10E77 /* ConcertCommentsView.swift */; };
		BE7554363F72DAE88183452E /* midnight-theatre.png in Resources */ = {isa = PBXBuildFile; fileRef = 4A5DDFF994E4A5513CAD3917 /* midnight-theatre.png */; };
		BEE8A816110FA18CB281A6D8 /* LocalSeededAccount.swift in Sources */ = {isa = PBXBuildFile; fileRef = 7154E731D6C3141004BB4208 /* LocalSeededAccount.swift */; };
		C019CCF65BDF8AD9A3C4C558 /* PeopleHubView.swift in Sources */ = {isa = PBXBuildFile; fileRef = C162FF260B31AE1B0940D6CC /* PeopleHubView.swift */; };
		C15327F2FFA67ED5DF412FF5 /* DevelopmentMusicCatalogTests.swift in Sources */ = {isa = PBXBuildFile; fileRef = 2D653AA51C36082C30B6B3EB /* DevelopmentMusicCatalogTests.swift */; };
		C6474CF32B05D94C7400CADE /* GoogleSignIn in Frameworks */ = {isa = PBXBuildFile; productRef = B6F2D9A4EC1EE98284A811CD /* GoogleSignIn */; };
		C971A43D0669101756911698 /* FeedPlaceholderView.swift in Sources */ = {isa = PBXBuildFile; fileRef = A080BB9E0BAC410982A1D12C /* FeedPlaceholderView.swift */; };
		CA3B62A0ECBE75BF5F832D04 /* ConcertAlbumImageProcessor.swift in Sources */ = {isa = PBXBuildFile; fileRef = CEF24A80EA0C54BE0246F2EC /* ConcertAlbumImageProcessor.swift */; };
		D6331F38545589E8EC42E675 /* ProfileInputTests.swift in Sources */ = {isa = PBXBuildFile; fileRef = 1237B11A854A5A058C98A39C /* ProfileInputTests.swift */; };
		DD9DF4D5F2A6DFA4463F9723 /* ConcertCreationDraft.swift in Sources */ = {isa = PBXBuildFile; fileRef = 48D5349FC56B2CBC9101478D /* ConcertCreationDraft.swift */; };
		DE9D4024F47CD0B1936B8812 /* PersonProfileView.swift in Sources */ = {isa = PBXBuildFile; fileRef = 74193CBB4CFA490AEC77ACC8 /* PersonProfileView.swift */; };
		E32DC85B878DFC16114463AD /* TunedInGlassSearchFieldFocusTests.swift in Sources */ = {isa = PBXBuildFile; fileRef = 1F681222916D48C5DFDF2BF0 /* TunedInGlassSearchFieldFocusTests.swift */; };
		E39F8D45BE40B4934641D52C /* MusicCatalogRepository.swift in Sources */ = {isa = PBXBuildFile; fileRef = 7430556DAEEE70BA26551500 /* MusicCatalogRepository.swift */; };
		E3BAF02B2C8ECCF11FD56841 /* NativeSocialSignInView.swift in Sources */ = {isa = PBXBuildFile; fileRef = 8D8A60BDF539A2BF1AE10575 /* NativeSocialSignInView.swift */; };
		E4D4BB4077D2B6C7E74F7E08 /* AppNetworkSession.swift in Sources */ = {isa = PBXBuildFile; fileRef = 8E5567493126633FA6F89B8A /* AppNetworkSession.swift */; };
		E67F40E1271039F458BCBEBB /* AppConfigurationTests.swift in Sources */ = {isa = PBXBuildFile; fileRef = 00796CCD74299B830D1CCE46 /* AppConfigurationTests.swift */; };
		E7F86EE55C2237559230EF1B /* CatalogPickerView.swift in Sources */ = {isa = PBXBuildFile; fileRef = 31182F15131032C2CEBBB6B4 /* CatalogPickerView.swift */; };
		EAA02DE65D5CEDB4A31CB674 /* PostHog in Frameworks */ = {isa = PBXBuildFile; productRef = E5690A68EF65B2159DF137FC /* PostHog */; };
		EC79DB067047705BFA83DD0E /* SupabaseTypes.swift in Sources */ = {isa = PBXBuildFile; fileRef = 5CFC17EF319FD32E400CFE04 /* SupabaseTypes.swift */; };
		ED36D040C72E7836C8EA4A21 /* AppCacheHardeningTests.swift in Sources */ = {isa = PBXBuildFile; fileRef = 2AAF92EFCF48872007F2A304 /* AppCacheHardeningTests.swift */; };
		EF0BD50EED03923207110104 /* AppDataCacheTests.swift in Sources */ = {isa = PBXBuildFile; fileRef = 013F52C7F7D39C1E0370B322 /* AppDataCacheTests.swift */; };
		F4E200A9A3F2B4A822C52209 /* AppSessionTests.swift in Sources */ = {isa = PBXBuildFile; fileRef = B7788CE273B97F5DF8299CB3 /* AppSessionTests.swift */; };
		F65D718B16A14EDEF2F1E39D /* DevelopmentScenario.swift in Sources */ = {isa = PBXBuildFile; fileRef = 889BD9CC3B0A992D16F66A9A /* DevelopmentScenario.swift */; };
		F6BD5F9DE56156E2DDA5B1EF /* PostHogTelemetryTransport.swift in Sources */ = {isa = PBXBuildFile; fileRef = 2D743EA872FA444B10D7F505 /* PostHogTelemetryTransport.swift */; };
		F7FDC6308F271BC12826390A /* LocalSimulatorAuthStorage.swift in Sources */ = {isa = PBXBuildFile; fileRef = 32C1D6763D82D3E1FE54AAB8 /* LocalSimulatorAuthStorage.swift */; };
		FA19D4BCBE81ABBD2AFC6813 /* ConcertCollaborationSheets.swift in Sources */ = {isa = PBXBuildFile; fileRef = 607F112255B95105F98C8662 /* ConcertCollaborationSheets.swift */; };
		FCD0EC22A0E4DEE101E3ABA5 /* CatalogSearchTestRepository.swift in Sources */ = {isa = PBXBuildFile; fileRef = A61A8D23CF454736E46B989C /* CatalogSearchTestRepository.swift */; };
		FE51B3E883DE1D66D4D14279 /* AppCacheStorage.swift in Sources */ = {isa = PBXBuildFile; fileRef = 7794D077D0A6E4A286C37FFA /* AppCacheStorage.swift */; };
		FFE550293F65A397E74C7215 /* ConcertEditView.swift in Sources */ = {isa = PBXBuildFile; fileRef = 928728B8414A847C3CE27348 /* ConcertEditView.swift */; };
/* End PBXBuildFile section */

/* Begin PBXContainerItemProxy section */
		74A41812564E2FC81037E882 /* PBXContainerItemProxy */ = {
			isa = PBXContainerItemProxy;
			containerPortal = 1BF06E26FE879841BA1404E4 /* Project object */;
			proxyType = 1;
			remoteGlobalIDString = D40859D2935DAC8A8EC0B7FC;
			remoteInfo = tunedIn;
		};
/* End PBXContainerItemProxy section */

/* Begin PBXFileReference section */
		00796CCD74299B830D1CCE46 /* AppConfigurationTests.swift */ = {isa = PBXFileReference; lastKnownFileType = sourcecode.swift; path = AppConfigurationTests.swift; sourceTree = "<group>"; };
		00AA7CDE85C3B0F94346A4CA /* AppDataCache+Mutation.swift */ = {isa = PBXFileReference; lastKnownFileType = sourcecode.swift; path = "AppDataCache+Mutation.swift"; sourceTree = "<group>"; };
		013F52C7F7D39C1E0370B322 /* AppDataCacheTests.swift */ = {isa = PBXFileReference; lastKnownFileType = sourcecode.swift; path = AppDataCacheTests.swift; sourceTree = "<group>"; };
		01B0D96A0DB3CFC7F3523631 /* CachingProfileRepositoryTests.swift */ = {isa = PBXFileReference; lastKnownFileType = sourcecode.swift; path = CachingProfileRepositoryTests.swift; sourceTree = "<group>"; };
		075C8094B7B7249F8E4DF36F /* AuthenticationRepository.swift */ = {isa = PBXFileReference; lastKnownFileType = sourcecode.swift; path = AuthenticationRepository.swift; sourceTree = "<group>"; };
		0A5695E4F2552EBE2BF611CB /* ConcertPhotoView.swift */ = {isa = PBXFileReference; lastKnownFileType = sourcecode.swift; path = ConcertPhotoView.swift; sourceTree = "<group>"; };
		0FFF5BB2D4E0012FC744B6C7 /* CachingConcertRepositoryTests.swift */ = {isa = PBXFileReference; lastKnownFileType = sourcecode.swift; path = CachingConcertRepositoryTests.swift; sourceTree = "<group>"; };
		1237B11A854A5A058C98A39C /* ProfileInputTests.swift */ = {isa = PBXFileReference; lastKnownFileType = sourcecode.swift; path = ProfileInputTests.swift; sourceTree = "<group>"; };
		1243DF949645D1AB5318AC3A /* AppFailureTests.swift */ = {isa = PBXFileReference; lastKnownFileType = sourcecode.swift; path = AppFailureTests.swift; sourceTree = "<group>"; };
		12BF5F5977FF497486952221 /* SocialProfileSearchCache.swift */ = {isa = PBXFileReference; lastKnownFileType = sourcecode.swift; path = SocialProfileSearchCache.swift; sourceTree = "<group>"; };
		14F8C6D775F7CCFD0EECADC0 /* CachingSocialRepository.swift */ = {isa = PBXFileReference; lastKnownFileType = sourcecode.swift; path = CachingSocialRepository.swift; sourceTree = "<group>"; };
		1B68A83B5FEE54C667FDD5DF /* ConcertCreationView.swift */ = {isa = PBXFileReference; lastKnownFileType = sourcecode.swift; path = ConcertCreationView.swift; sourceTree = "<group>"; };
		1BE2F9F51BD9E636B4A4F0F2 /* CachingSocialRepositoryTests.swift */ = {isa = PBXFileReference; lastKnownFileType = sourcecode.swift; path = CachingSocialRepositoryTests.swift; sourceTree = "<group>"; };
		1F681222916D48C5DFDF2BF0 /* TunedInGlassSearchFieldFocusTests.swift */ = {isa = PBXFileReference; lastKnownFileType = sourcecode.swift; path = TunedInGlassSearchFieldFocusTests.swift; sourceTree = "<group>"; };
		1FED4A315859A86F043EA6A2 /* EmailSignInView.swift */ = {isa = PBXFileReference; lastKnownFileType = sourcecode.swift; path = EmailSignInView.swift; sourceTree = "<group>"; };
		21073FA12796111F79010BBE /* ConcertInputTests.swift */ = {isa = PBXFileReference; lastKnownFileType = sourcecode.swift; path = ConcertInputTests.swift; sourceTree = "<group>"; };
		25E0AC916EDCB0067656B14C /* CachingConcertMutationTestSupport.swift */ = {isa = PBXFileReference; lastKnownFileType = sourcecode.swift; path = CachingConcertMutationTestSupport.swift; sourceTree = "<group>"; };
		2644431350079CF5B9312C52 /* EmailVerificationView.swift */ = {isa = PBXFileReference; lastKnownFileType = sourcecode.swift; path = EmailVerificationView.swift; sourceTree = "<group>"; };
		2AAF92EFCF48872007F2A304 /* AppCacheHardeningTests.swift */ = {isa = PBXFileReference; lastKnownFileType = sourcecode.swift; path = AppCacheHardeningTests.swift; sourceTree = "<group>"; };
		2D653AA51C36082C30B6B3EB /* DevelopmentMusicCatalogTests.swift */ = {isa = PBXFileReference; lastKnownFileType = sourcecode.swift; path = DevelopmentMusicCatalogTests.swift; sourceTree = "<group>"; };
		2D743EA872FA444B10D7F505 /* PostHogTelemetryTransport.swift */ = {isa = PBXFileReference; lastKnownFileType = sourcecode.swift; path = PostHogTelemetryTransport.swift; sourceTree = "<group>"; };
		2F7883953FF6E8AF449F2EEE /* SignedURLCacheTests.swift */ = {isa = PBXFileReference; lastKnownFileType = sourcecode.swift; path = SignedURLCacheTests.swift; sourceTree = "<group>"; };
		31182F15131032C2CEBBB6B4 /* CatalogPickerView.swift */ = {isa = PBXFileReference; lastKnownFileType = sourcecode.swift; path = CatalogPickerView.swift; sourceTree = "<group>"; };
		32C1D6763D82D3E1FE54AAB8 /* LocalSimulatorAuthStorage.swift */ = {isa = PBXFileReference; lastKnownFileType = sourcecode.swift; path = LocalSimulatorAuthStorage.swift; sourceTree = "<group>"; };
		3435407F7622C2A1679CA34E /* TelemetrySanitizer.swift */ = {isa = PBXFileReference; lastKnownFileType = sourcecode.swift; path = TelemetrySanitizer.swift; sourceTree = "<group>"; };
		3531262D0A7C77D265C40BCC /* AvatarImageProcessor.swift */ = {isa = PBXFileReference; lastKnownFileType = sourcecode.swift; path = AvatarImageProcessor.swift; sourceTree = "<group>"; };
		36855C0A3DE0CB302D9FE025 /* AlbumUploadBatchExecutor.swift */ = {isa = PBXFileReference; lastKnownFileType = sourcecode.swift; path = AlbumUploadBatchExecutor.swift; sourceTree = "<group>"; };
		392C5C1729F221FD114BA53B /* AppMediaCache.swift */ = {isa = PBXFileReference; lastKnownFileType = sourcecode.swift; path = AppMediaCache.swift; sourceTree = "<group>"; };
		3C8D7EE83773ECBDDB7AD93E /* CachedRemoteImage.swift */ = {isa = PBXFileReference; lastKnownFileType = sourcecode.swift; path = CachedRemoteImage.swift; sourceTree = "<group>"; };
		3DE47B97A300C1CC89CD02B0 /* Assets.xcassets */ = {isa = PBXFileReference; lastKnownFileType = folder.assetcatalog; path = Assets.xcassets; sourceTree = "<group>"; };
		3FDCCD256D3857937D157AEB /* MusicCatalogTests.swift */ = {isa = PBXFileReference; lastKnownFileType = sourcecode.swift; path = MusicCatalogTests.swift; sourceTree = "<group>"; };
		48D5349FC56B2CBC9101478D /* ConcertCreationDraft.swift */ = {isa = PBXFileReference; lastKnownFileType = sourcecode.swift; path = ConcertCreationDraft.swift; sourceTree = "<group>"; };
		49118DB38941F0B19D636AA3 /* AppDataCache+Entries.swift */ = {isa = PBXFileReference; lastKnownFileType = sourcecode.swift; path = "AppDataCache+Entries.swift"; sourceTree = "<group>"; };
		4A5DDFF994E4A5513CAD3917 /* midnight-theatre.png */ = {isa = PBXFileReference; lastKnownFileType = image.png; path = "midnight-theatre.png"; sourceTree = "<group>"; };
		4B166E29D4B9DBD8DCFFC12B /* SwiftDataSnapshotStore.swift */ = {isa = PBXFileReference; lastKnownFileType = sourcecode.swift; path = SwiftDataSnapshotStore.swift; sourceTree = "<group>"; };
		4B185CD800E6B9369C52FD98 /* AlbumReadinessTests.swift */ = {isa = PBXFileReference; lastKnownFileType = sourcecode.swift; path = AlbumReadinessTests.swift; sourceTree = "<group>"; };
		4F9B1A4D54544CD7AA15C942 /* TunedInKeyboardPresentationTests.swift */ = {isa = PBXFileReference; lastKnownFileType = sourcecode.swift; path = TunedInKeyboardPresentationTests.swift; sourceTree = "<group>"; };
		52FC5FA5CC195C96AC2F7E11 /* AppContainer.swift */ = {isa = PBXFileReference; lastKnownFileType = sourcecode.swift; path = AppContainer.swift; sourceTree = "<group>"; };
		531CDC9DE20342FF17125961 /* TelemetryClient.swift */ = {isa = PBXFileReference; lastKnownFileType = sourcecode.swift; path = TelemetryClient.swift; sourceTree = "<group>"; };
		532F8D6E5EB000F34B910F42 /* TunedInDesignSystem.swift */ = {isa = PBXFileReference; lastKnownFileType = sourcecode.swift; path = TunedInDesignSystem.swift; sourceTree = "<group>"; };
		5459A1928EB0514BA0734156 /* DevelopmentSocialRepositoryTests.swift */ = {isa = PBXFileReference; lastKnownFileType = sourcecode.swift; path = DevelopmentSocialRepositoryTests.swift; sourceTree = "<group>"; };
		55A9490B05F3968CDA10B425 /* AppCacheTypes.swift */ = {isa = PBXFileReference; lastKnownFileType = sourcecode.swift; path = AppCacheTypes.swift; sourceTree = "<group>"; };
		57A397514DA79526B0C10E77 /* ConcertCommentsView.swift */ = {isa = PBXFileReference; lastKnownFileType = sourcecode.swift; path = ConcertCommentsView.swift; sourceTree = "<group>"; };
		57FDDFA7886E6E8E872E5AF9 /* AvatarImageProcessorTests.swift */ = {isa = PBXFileReference; lastKnownFileType = sourcecode.swift; path = AvatarImageProcessorTests.swift; sourceTree = "<group>"; };
		59D9E25666338F3EB1CA706E /* Staging.xcconfig */ = {isa = PBXFileReference; lastKnownFileType = text.xcconfig; path = Staging.xcconfig; sourceTree = "<group>"; };
		5B4D78CF3EBF909F50D10F04 /* AppMediaCacheTests.swift */ = {isa = PBXFileReference; lastKnownFileType = sourcecode.swift; path = AppMediaCacheTests.swift; sourceTree = "<group>"; };
		5CFC17EF319FD32E400CFE04 /* SupabaseTypes.swift */ = {isa = PBXFileReference; lastKnownFileType = sourcecode.swift; path = SupabaseTypes.swift; sourceTree = "<group>"; };
		5EB6C524BEA58A2B8496E011 /* RootView.swift */ = {isa = PBXFileReference; lastKnownFileType = sourcecode.swift; path = RootView.swift; sourceTree = "<group>"; };
		5F2144AD14AFB8762C4E55F1 /* FeedbackRepository.swift */ = {isa = PBXFileReference; lastKnownFileType = sourcecode.swift; path = FeedbackRepository.swift; sourceTree = "<group>"; };
		607F112255B95105F98C8662 /* ConcertCollaborationSheets.swift */ = {isa = PBXFileReference; lastKnownFileType = sourcecode.swift; path = ConcertCollaborationSheets.swift; sourceTree = "<group>"; };
		61399B814DE19CDCDA167DE0 /* Concert.swift */ = {isa = PBXFileReference; lastKnownFileType = sourcecode.swift; path = Concert.swift; sourceTree = "<group>"; };
		633725CD557D467B89AF6D8A /* tunedIn-Staging.entitlements */ = {isa = PBXFileReference; lastKnownFileType = text.plist.entitlements; path = "tunedIn-Staging.entitlements"; sourceTree = "<group>"; };
		66ACE6CCD64E65364C095CE8 /* AppDataCache+Construction.swift */ = {isa = PBXFileReference; lastKnownFileType = sourcecode.swift; path = "AppDataCache+Construction.swift"; sourceTree = "<group>"; };
		69FF7F1D63EE17CDDD562417 /* OnboardingView.swift */ = {isa = PBXFileReference; lastKnownFileType = sourcecode.swift; path = OnboardingView.swift; sourceTree = "<group>"; };
		6E9515DFEDEC6E1303CB06D2 /* CatalogSearchModel.swift */ = {isa = PBXFileReference; lastKnownFileType = sourcecode.swift; path = CatalogSearchModel.swift; sourceTree = "<group>"; };
		7154E731D6C3141004BB4208 /* LocalSeededAccount.swift */ = {isa = PBXFileReference; lastKnownFileType = sourcecode.swift; path = LocalSeededAccount.swift; sourceTree = "<group>"; };
		74193CBB4CFA490AEC77ACC8 /* PersonProfileView.swift */ = {isa = PBXFileReference; lastKnownFileType = sourcecode.swift; path = PersonProfileView.swift; sourceTree = "<group>"; };
		7430556DAEEE70BA26551500 /* MusicCatalogRepository.swift */ = {isa = PBXFileReference; lastKnownFileType = sourcecode.swift; path = MusicCatalogRepository.swift; sourceTree = "<group>"; };
		74E554D5641FBB717D1051A1 /* CachingConcertFixtures.swift */ = {isa = PBXFileReference; lastKnownFileType = sourcecode.swift; path = CachingConcertFixtures.swift; sourceTree = "<group>"; };
		7794D077D0A6E4A286C37FFA /* AppCacheStorage.swift */ = {isa = PBXFileReference; lastKnownFileType = sourcecode.swift; path = AppCacheStorage.swift; sourceTree = "<group>"; };
		7C87D147D8C4F0FABCE333EE /* ConcertRepository.swift */ = {isa = PBXFileReference; lastKnownFileType = sourcecode.swift; path = ConcertRepository.swift; sourceTree = "<group>"; };
		8046DFD22BCA47A3E52C7793 /* tunedInApp.swift */ = {isa = PBXFileReference; lastKnownFileType = sourcecode.swift; path = tunedInApp.swift; sourceTree = "<group>"; };
		83BF7EE9D267EF5CBBBC9AAF /* tunedInTests.xctest */ = {isa = PBXFileReference; includeInIndex = 0; lastKnownFileType = wrapper.cfbundle; path = tunedInTests.xctest; sourceTree = BUILT_PRODUCTS_DIR; };
		887C95DD1BE38E3C830C4D80 /* AppSession.swift */ = {isa = PBXFileReference; lastKnownFileType = sourcecode.swift; path = AppSession.swift; sourceTree = "<group>"; };
		889BD9CC3B0A992D16F66A9A /* DevelopmentScenario.swift */ = {isa = PBXFileReference; lastKnownFileType = sourcecode.swift; path = DevelopmentScenario.swift; sourceTree = "<group>"; };
		8B47AAA7591E2615D19B0DE8 /* SupabaseFeedbackRepository.swift */ = {isa = PBXFileReference; lastKnownFileType = sourcecode.swift; path = SupabaseFeedbackRepository.swift; sourceTree = "<group>"; };
		8BB6E4FE735BE91A1C03412D /* TunedInAppearance.swift */ = {isa = PBXFileReference; lastKnownFileType = sourcecode.swift; path = TunedInAppearance.swift; sourceTree = "<group>"; };
		8CE4DB3E207A0AC8993F44B3 /* ConcertMonogramViews.swift */ = {isa = PBXFileReference; lastKnownFileType = sourcecode.swift; path = ConcertMonogramViews.swift; sourceTree = "<group>"; };
		8D20A416A01449F03EA5661F /* DevelopmentConcertRepositoryTests.swift */ = {isa = PBXFileReference; lastKnownFileType = sourcecode.swift; path = DevelopmentConcertRepositoryTests.swift; sourceTree = "<group>"; };
		8D8A60BDF539A2BF1AE10575 /* NativeSocialSignInView.swift */ = {isa = PBXFileReference; lastKnownFileType = sourcecode.swift; path = NativeSocialSignInView.swift; sourceTree = "<group>"; };
		8DEC91D36EDA24AC3AEC5998 /* CachingConcertRepository+Mutations.swift */ = {isa = PBXFileReference; lastKnownFileType = sourcecode.swift; path = "CachingConcertRepository+Mutations.swift"; sourceTree = "<group>"; };
		8E5567493126633FA6F89B8A /* AppNetworkSession.swift */ = {isa = PBXFileReference; lastKnownFileType = sourcecode.swift; path = AppNetworkSession.swift; sourceTree = "<group>"; };
		928728B8414A847C3CE27348 /* ConcertEditView.swift */ = {isa = PBXFileReference; lastKnownFileType = sourcecode.swift; path = ConcertEditView.swift; sourceTree = "<group>"; };
		92C58F63460E2CA54114828E /* CachingConcertRepositoryAssertions.swift */ = {isa = PBXFileReference; lastKnownFileType = sourcecode.swift; path = CachingConcertRepositoryAssertions.swift; sourceTree = "<group>"; };
		93B17BB128F3EE14857B0AEB /* TunedInAppearanceTests.swift */ = {isa = PBXFileReference; lastKnownFileType = sourcecode.swift; path = TunedInAppearanceTests.swift; sourceTree = "<group>"; };
		96E0DD7FF8EEA60EC2BF9AFB /* DevelopmentSocialRepository.swift */ = {isa = PBXFileReference; lastKnownFileType = sourcecode.swift; path = DevelopmentSocialRepository.swift; sourceTree = "<group>"; };
		9717CE9DFB9D76660ECB11B4 /* ProfileRepository.swift */ = {isa = PBXFileReference; lastKnownFileType = sourcecode.swift; path = ProfileRepository.swift; sourceTree = "<group>"; };
		97612F74273AC229E9F25417 /* SupabaseSocialRepository.swift */ = {isa = PBXFileReference; lastKnownFileType = sourcecode.swift; path = SupabaseSocialRepository.swift; sourceTree = "<group>"; };
		985739D4F2A12A277B1F5632 /* Profile.swift */ = {isa = PBXFileReference; lastKnownFileType = sourcecode.swift; path = Profile.swift; sourceTree = "<group>"; };
		9993F302F8677B71155395C6 /* CatalogCustomEntryView.swift */ = {isa = PBXFileReference; lastKnownFileType = sourcecode.swift; path = CatalogCustomEntryView.swift; sourceTree = "<group>"; };
		9A61F3A9F8448FD6AAF002FA /* AppFailure.swift */ = {isa = PBXFileReference; lastKnownFileType = sourcecode.swift; path = AppFailure.swift; sourceTree = "<group>"; };
		9C0DDFE97BC599D751B4B028 /* TelemetrySettingsView.swift */ = {isa = PBXFileReference; lastKnownFileType = sourcecode.swift; path = TelemetrySettingsView.swift; sourceTree = "<group>"; };
		9DC82061C2F01AA6CEB2F6BC /* SocialRepository.swift */ = {isa = PBXFileReference; lastKnownFileType = sourcecode.swift; path = SocialRepository.swift; sourceTree = "<group>"; };
		A080BB9E0BAC410982A1D12C /* FeedPlaceholderView.swift */ = {isa = PBXFileReference; lastKnownFileType = sourcecode.swift; path = FeedPlaceholderView.swift; sourceTree = "<group>"; };
		A439D31D760416F79E073FAB /* ConcertArchiveView.swift */ = {isa = PBXFileReference; lastKnownFileType = sourcecode.swift; path = ConcertArchiveView.swift; sourceTree = "<group>"; };
		A61A8D23CF454736E46B989C /* CatalogSearchTestRepository.swift */ = {isa = PBXFileReference; lastKnownFileType = sourcecode.swift; path = CatalogSearchTestRepository.swift; sourceTree = "<group>"; };
		A63A5DA16780038538F59309 /* CachingConcertRepositoryTestSupport.swift */ = {isa = PBXFileReference; lastKnownFileType = sourcecode.swift; path = CachingConcertRepositoryTestSupport.swift; sourceTree = "<group>"; };
		A68C4BF2544ABC5F8B9AA816 /* tunedIn.app */ = {isa = PBXFileReference; includeInIndex = 0; lastKnownFileType = wrapper.application; path = tunedIn.app; sourceTree = BUILT_PRODUCTS_DIR; };
		AB65B95E9AC543A960D5F27F /* DevelopmentScenarioTests.swift */ = {isa = PBXFileReference; lastKnownFileType = sourcecode.swift; path = DevelopmentScenarioTests.swift; sourceTree = "<group>"; };
		ADA1EA5245BDFD82C605C81B /* FeedbackView.swift */ = {isa = PBXFileReference; lastKnownFileType = sourcecode.swift; path = FeedbackView.swift; sourceTree = "<group>"; };
		B0C565BFA62211C3BF34AD55 /* SupabaseMusicCatalogRepository.swift */ = {isa = PBXFileReference; lastKnownFileType = sourcecode.swift; path = SupabaseMusicCatalogRepository.swift; sourceTree = "<group>"; };
		B583B6D8C84821B5F36ABC1A /* ProfileAvatarView.swift */ = {isa = PBXFileReference; lastKnownFileType = sourcecode.swift; path = ProfileAvatarView.swift; sourceTree = "<group>"; };
		B70F123405BE8D8AEC81A601 /* AppConfiguration.swift */ = {isa = PBXFileReference; lastKnownFileType = sourcecode.swift; path = AppConfiguration.swift; sourceTree = "<group>"; };
		B7788CE273B97F5DF8299CB3 /* AppSessionTests.swift */ = {isa = PBXFileReference; lastKnownFileType = sourcecode.swift; path = AppSessionTests.swift; sourceTree = "<group>"; };
		BA35447B2A5A7761DC6F9A1C /* Local.xcconfig */ = {isa = PBXFileReference; lastKnownFileType = text.xcconfig; path = Local.xcconfig; sourceTree = "<group>"; };
		BD75288821322770423012C4 /* ConcertCreationFormSections.swift */ = {isa = PBXFileReference; lastKnownFileType = sourcecode.swift; path = ConcertCreationFormSections.swift; sourceTree = "<group>"; };
		C162FF260B31AE1B0940D6CC /* PeopleHubView.swift */ = {isa = PBXFileReference; lastKnownFileType = sourcecode.swift; path = PeopleHubView.swift; sourceTree = "<group>"; };
		C659A65B20724EDB509145AB /* SupabaseProfileRepository.swift */ = {isa = PBXFileReference; lastKnownFileType = sourcecode.swift; path = SupabaseProfileRepository.swift; sourceTree = "<group>"; };
		CBB5EF092381A81E8DCEABEA /* CachingConcertMutationTests.swift */ = {isa = PBXFileReference; lastKnownFileType = sourcecode.swift; path = CachingConcertMutationTests.swift; sourceTree = "<group>"; };
		CC1E38A8A523C54E3092618A /* CachingSocialRepositoryTestSupport.swift */ = {isa = PBXFileReference; lastKnownFileType = sourcecode.swift; path = CachingSocialRepositoryTestSupport.swift; sourceTree = "<group>"; };
		CC42DD81FFABFB4F55ECBD0E /* LocalSeededAccountTests.swift */ = {isa = PBXFileReference; lastKnownFileType = sourcecode.swift; path = LocalSeededAccountTests.swift; sourceTree = "<group>"; };
		CD9A69947EB0D7D466B95A6D /* AppSessionSignOutTests.swift */ = {isa = PBXFileReference; lastKnownFileType = sourcecode.swift; path = AppSessionSignOutTests.swift; sourceTree = "<group>"; };
		CEF24A80EA0C54BE0246F2EC /* ConcertAlbumImageProcessor.swift */ = {isa = PBXFileReference; lastKnownFileType = sourcecode.swift; path = ConcertAlbumImageProcessor.swift; sourceTree = "<group>"; };
		D3B89C2123769CE8C8EE2427 /* SupabaseConcertRepository.swift */ = {isa = PBXFileReference; lastKnownFileType = sourcecode.swift; path = SupabaseConcertRepository.swift; sourceTree = "<group>"; };
		D67B053FD48480724DE8A13B /* Development.xcconfig */ = {isa = PBXFileReference; lastKnownFileType = text.xcconfig; path = Development.xcconfig; sourceTree = "<group>"; };
		D8363D03499B325C56A35037 /* CachingProfileRepository.swift */ = {isa = PBXFileReference; lastKnownFileType = sourcecode.swift; path = CachingProfileRepository.swift; sourceTree = "<group>"; };
		D9224775E10F128EC952F4D9 /* ConcertAlbumView.swift */ = {isa = PBXFileReference; lastKnownFileType = sourcecode.swift; path = ConcertAlbumView.swift; sourceTree = "<group>"; };
		D967C5B386F95DD48B19CAE9 /* SupabaseAuthenticationRepository.swift */ = {isa = PBXFileReference; lastKnownFileType = sourcecode.swift; path = SupabaseAuthenticationRepository.swift; sourceTree = "<group>"; };
		D9874CBB46B7C10D8BD3D130 /* AppCacheStorageTests.swift */ = {isa = PBXFileReference; lastKnownFileType = sourcecode.swift; path = AppCacheStorageTests.swift; sourceTree = "<group>"; };
		DA2D068894590F87FC06DF4D /* AppSessionPhase+Authentication.swift */ = {isa = PBXFileReference; lastKnownFileType = sourcecode.swift; path = "AppSessionPhase+Authentication.swift"; sourceTree = "<group>"; };
		DAB98AA3DDEE979A1C52AA7E /* GoogleAuthenticationClient.swift */ = {isa = PBXFileReference; lastKnownFileType = sourcecode.swift; path = GoogleAuthenticationClient.swift; sourceTree = "<group>"; };
		DD654ACD06E9E04AD7DA86BF /* TelemetryTests.swift */ = {isa = PBXFileReference; lastKnownFileType = sourcecode.swift; path = TelemetryTests.swift; sourceTree = "<group>"; };
		E0FBCDF44CFFCD6B78B8DD54 /* ProfileTabView.swift */ = {isa = PBXFileReference; lastKnownFileType = sourcecode.swift; path = ProfileTabView.swift; sourceTree = "<group>"; };
		E103725C09E72C1E7A74466D /* TelemetryModels.swift */ = {isa = PBXFileReference; lastKnownFileType = sourcecode.swift; path = TelemetryModels.swift; sourceTree = "<group>"; };
		E129D134607112FF14A7D0C4 /* AppCacheDiagnostics.swift */ = {isa = PBXFileReference; lastKnownFileType = sourcecode.swift; path = AppCacheDiagnostics.swift; sourceTree = "<group>"; };
		E54458C966F7E7F37C5F7C1B /* SignedURLCache.swift */ = {isa = PBXFileReference; lastKnownFileType = sourcecode.swift; path = SignedURLCache.swift; sourceTree = "<group>"; };
		E8CDE1BDB3C83CC1A3364240 /* CachingConcertRepository.swift */ = {isa = PBXFileReference; lastKnownFileType = sourcecode.swift; path = CachingConcertRepository.swift; sourceTree = "<group>"; };
		EA95DDDDA02A9205456F296D /* afterglow-stage.png */ = {isa = PBXFileReference; lastKnownFileType = image.png; path = "afterglow-stage.png"; sourceTree = "<group>"; };
		ED1E308009003391C9687626 /* DevelopmentConcertRepository.swift */ = {isa = PBXFileReference; lastKnownFileType = sourcecode.swift; path = DevelopmentConcertRepository.swift; sourceTree = "<group>"; };
		ED2886E2E60B530A1E241144 /* AppDataCache.swift */ = {isa = PBXFileReference; lastKnownFileType = sourcecode.swift; path = AppDataCache.swift; sourceTree = "<group>"; };
		EE537AE3FB6165A62FE039E0 /* NativeSocialAuthenticationTests.swift */ = {isa = PBXFileReference; lastKnownFileType = sourcecode.swift; path = NativeSocialAuthenticationTests.swift; sourceTree = "<group>"; };
		EF321C880B55FB19086D20D1 /* Production.xcconfig */ = {isa = PBXFileReference; lastKnownFileType = text.xcconfig; path = Production.xcconfig; sourceTree = "<group>"; };
		F20D2B78AD7D4882CBBD874F /* DevelopmentMusicCatalogRepository.swift */ = {isa = PBXFileReference; lastKnownFileType = sourcecode.swift; path = DevelopmentMusicCatalogRepository.swift; sourceTree = "<group>"; };
		F3F90592227251CD56A4751F /* MusicCatalog.swift */ = {isa = PBXFileReference; lastKnownFileType = sourcecode.swift; path = MusicCatalog.swift; sourceTree = "<group>"; };
		F6AB621B9A64BDE7C998C6D0 /* GoogleAuthenticationClientTests.swift */ = {isa = PBXFileReference; lastKnownFileType = sourcecode.swift; path = GoogleAuthenticationClientTests.swift; sourceTree = "<group>"; };
/* End PBXFileReference section */

/* Begin PBXFrameworksBuildPhase section */
		F65043DC5740B99E878AE179 /* Frameworks */ = {
			isa = PBXFrameworksBuildPhase;
			buildActionMask = 2147483647;
			files = (
				C6474CF32B05D94C7400CADE /* GoogleSignIn in Frameworks */,
				EAA02DE65D5CEDB4A31CB674 /* PostHog in Frameworks */,
				0E6D384B54ED7E72CF6AF219 /* Supabase in Frameworks */,
			);
			runOnlyForDeploymentPostprocessing = 0;
		};
/* End PBXFrameworksBuildPhase section */

/* Begin PBXGroup section */
		055762B14EB89EF514B5C0B5 /* Products */ = {
			isa = PBXGroup;
			children = (
				A68C4BF2544ABC5F8B9AA816 /* tunedIn.app */,
				83BF7EE9D267EF5CBBBC9AAF /* tunedInTests.xctest */,
			);
			name = Products;
			sourceTree = "<group>";
		};
		0A780E1AC6CD3EAD42BE6742 /* Profile */ = {
			isa = PBXGroup;
			children = (
				3531262D0A7C77D265C40BCC /* AvatarImageProcessor.swift */,
				D8363D03499B325C56A35037 /* CachingProfileRepository.swift */,
				14F8C6D775F7CCFD0EECADC0 /* CachingSocialRepository.swift */,
				96E0DD7FF8EEA60EC2BF9AFB /* DevelopmentSocialRepository.swift */,
				9717CE9DFB9D76660ECB11B4 /* ProfileRepository.swift */,
				12BF5F5977FF497486952221 /* SocialProfileSearchCache.swift */,
				9DC82061C2F01AA6CEB2F6BC /* SocialRepository.swift */,
				C659A65B20724EDB509145AB /* SupabaseProfileRepository.swift */,
				97612F74273AC229E9F25417 /* SupabaseSocialRepository.swift */,
			);
			path = Profile;
			sourceTree = "<group>";
		};
		103D49F6DBCA17735ED319D2 /* Concert */ = {
			isa = PBXGroup;
			children = (
				36855C0A3DE0CB302D9FE025 /* AlbumUploadBatchExecutor.swift */,
				E8CDE1BDB3C83CC1A3364240 /* CachingConcertRepository.swift */,
				8DEC91D36EDA24AC3AEC5998 /* CachingConcertRepository+Mutations.swift */,
				CEF24A80EA0C54BE0246F2EC /* ConcertAlbumImageProcessor.swift */,
				7C87D147D8C4F0FABCE333EE /* ConcertRepository.swift */,
				ED1E308009003391C9687626 /* DevelopmentConcertRepository.swift */,
				D3B89C2123769CE8C8EE2427 /* SupabaseConcertRepository.swift */,
			);
			path = Concert;
			sourceTree = "<group>";
		};
		3875ACE92FBCB5861EDA88DF /* Feed */ = {
			isa = PBXGroup;
			children = (
				A080BB9E0BAC410982A1D12C /* FeedPlaceholderView.swift */,
			);
			path = Feed;
			sourceTree = "<group>";
		};
		4C97A9900A178845F43F836D /* Artwork */ = {
			isa = PBXGroup;
			children = (
				EA95DDDDA02A9205456F296D /* afterglow-stage.png */,
				4A5DDFF994E4A5513CAD3917 /* midnight-theatre.png */,
			);
			path = Artwork;
			sourceTree = "<group>";
		};
		503709044ADFC81FDA9427F5 /* Telemetry */ = {
			isa = PBXGroup;
			children = (
				2D743EA872FA444B10D7F505 /* PostHogTelemetryTransport.swift */,
				531CDC9DE20342FF17125961 /* TelemetryClient.swift */,
				E103725C09E72C1E7A74466D /* TelemetryModels.swift */,
				3435407F7622C2A1679CA34E /* TelemetrySanitizer.swift */,
			);
			path = Telemetry;
			sourceTree = "<group>";
		};
		5CAACBD70E59A0640C01205A /* Generated */ = {
			isa = PBXGroup;
			children = (
				5CFC17EF319FD32E400CFE04 /* SupabaseTypes.swift */,
			);
			path = Generated;
			sourceTree = "<group>";
		};
		5D1F6E5665D12F80CD77F452 /* Feedback */ = {
			isa = PBXGroup;
			children = (
				5F2144AD14AFB8762C4E55F1 /* FeedbackRepository.swift */,
				8B47AAA7591E2615D19B0DE8 /* SupabaseFeedbackRepository.swift */,
			);
			path = Feedback;
			sourceTree = "<group>";
		};
		5D2AFCDAA37FBDE266F48B9B /* Configuration */ = {
			isa = PBXGroup;
			children = (
				B70F123405BE8D8AEC81A601 /* AppConfiguration.swift */,
				9A61F3A9F8448FD6AAF002FA /* AppFailure.swift */,
				8E5567493126633FA6F89B8A /* AppNetworkSession.swift */,
			);
			path = Configuration;
			sourceTree = "<group>";
		};
		66340FA9E769F1324FCE0560 /* App */ = {
			isa = PBXGroup;
			children = (
				52FC5FA5CC195C96AC2F7E11 /* AppContainer.swift */,
				887C95DD1BE38E3C830C4D80 /* AppSession.swift */,
				DA2D068894590F87FC06DF4D /* AppSessionPhase+Authentication.swift */,
				889BD9CC3B0A992D16F66A9A /* DevelopmentScenario.swift */,
				5EB6C524BEA58A2B8496E011 /* RootView.swift */,
				8046DFD22BCA47A3E52C7793 /* tunedInApp.swift */,
			);
			path = App;
			sourceTree = "<group>";
		};
		7C055213003A45EC19BDDE20 /* Models */ = {
			isa = PBXGroup;
			children = (
				61399B814DE19CDCDA167DE0 /* Concert.swift */,
				F3F90592227251CD56A4751F /* MusicCatalog.swift */,
				985739D4F2A12A277B1F5632 /* Profile.swift */,
			);
			path = Models;
			sourceTree = "<group>";
		};
		976091E67F8D9586344637F8 = {
			isa = PBXGroup;
			children = (
				DCB87945CF652946C87A3D18 /* Config */,
				E3DF27120E15C153F943FD3D /* Resources */,
				B680263123A49670FE466BC1 /* Sources */,
				D3F55AC61B7F81BB7215EAAA /* Tests */,
				055762B14EB89EF514B5C0B5 /* Products */,
			);
			sourceTree = "<group>";
		};
		99D91DBB6A186173946351BD /* Cache */ = {
			isa = PBXGroup;
			children = (
				E129D134607112FF14A7D0C4 /* AppCacheDiagnostics.swift */,
				7794D077D0A6E4A286C37FFA /* AppCacheStorage.swift */,
				55A9490B05F3968CDA10B425 /* AppCacheTypes.swift */,
				ED2886E2E60B530A1E241144 /* AppDataCache.swift */,
				66ACE6CCD64E65364C095CE8 /* AppDataCache+Construction.swift */,
				49118DB38941F0B19D636AA3 /* AppDataCache+Entries.swift */,
				00AA7CDE85C3B0F94346A4CA /* AppDataCache+Mutation.swift */,
				392C5C1729F221FD114BA53B /* AppMediaCache.swift */,
				E54458C966F7E7F37C5F7C1B /* SignedURLCache.swift */,
				4B166E29D4B9DBD8DCFFC12B /* SwiftDataSnapshotStore.swift */,
			);
			path = Cache;
			sourceTree = "<group>";
		};
		9E5EE0D6C3BF851EFD4811DC /* Profile */ = {
			isa = PBXGroup;
			children = (
				ADA1EA5245BDFD82C605C81B /* FeedbackView.swift */,
				C162FF260B31AE1B0940D6CC /* PeopleHubView.swift */,
				74193CBB4CFA490AEC77ACC8 /* PersonProfileView.swift */,
				B583B6D8C84821B5F36ABC1A /* ProfileAvatarView.swift */,
				E0FBCDF44CFFCD6B78B8DD54 /* ProfileTabView.swift */,
				9C0DDFE97BC599D751B4B028 /* TelemetrySettingsView.swift */,
			);
			path = Profile;
			sourceTree = "<group>";
		};
		9EB900DF5D802B39D61F8C5E /* DesignSystem */ = {
			isa = PBXGroup;
			children = (
				3C8D7EE83773ECBDDB7AD93E /* CachedRemoteImage.swift */,
				8BB6E4FE735BE91A1C03412D /* TunedInAppearance.swift */,
				532F8D6E5EB000F34B910F42 /* TunedInDesignSystem.swift */,
			);
			path = DesignSystem;
			sourceTree = "<group>";
		};
		A2351DD08E0C34441D94767F /* Authentication */ = {
			isa = PBXGroup;
			children = (
				1FED4A315859A86F043EA6A2 /* EmailSignInView.swift */,
				2644431350079CF5B9312C52 /* EmailVerificationView.swift */,
				8D8A60BDF539A2BF1AE10575 /* NativeSocialSignInView.swift */,
				69FF7F1D63EE17CDDD562417 /* OnboardingView.swift */,
			);
			path = Authentication;
			sourceTree = "<group>";
		};
		A93C9ADD409AE675E107B707 /* Features */ = {
			isa = PBXGroup;
			children = (
				A2351DD08E0C34441D94767F /* Authentication */,
				E36381AB717EF8D3632825B5 /* Catalog */,
				C27361AC325136506E55F3C4 /* Concert */,
				3875ACE92FBCB5861EDA88DF /* Feed */,
				9E5EE0D6C3BF851EFD4811DC /* Profile */,
			);
			path = Features;
			sourceTree = "<group>";
		};
		B15768FFE24C880F0A040151 /* Catalog */ = {
			isa = PBXGroup;
			children = (
				F20D2B78AD7D4882CBBD874F /* DevelopmentMusicCatalogRepository.swift */,
				7430556DAEEE70BA26551500 /* MusicCatalogRepository.swift */,
				B0C565BFA62211C3BF34AD55 /* SupabaseMusicCatalogRepository.swift */,
			);
			path = Catalog;
			sourceTree = "<group>";
		};
		B680263123A49670FE466BC1 /* Sources */ = {
			isa = PBXGroup;
			children = (
				66340FA9E769F1324FCE0560 /* App */,
				DDECFBD4952912BCCA4E3DB2 /* Core */,
				CBC713D6194BF6058D877CDF /* Data */,
				A93C9ADD409AE675E107B707 /* Features */,
			);
			name = Sources;
			path = ios/tunedIn/Sources;
			sourceTree = "<group>";
		};
		B901A7C40A224ABA1721269A /* Auth */ = {
			isa = PBXGroup;
			children = (
				075C8094B7B7249F8E4DF36F /* AuthenticationRepository.swift */,
				DAB98AA3DDEE979A1C52AA7E /* GoogleAuthenticationClient.swift */,
				7154E731D6C3141004BB4208 /* LocalSeededAccount.swift */,
				32C1D6763D82D3E1FE54AAB8 /* LocalSimulatorAuthStorage.swift */,
				D967C5B386F95DD48B19CAE9 /* SupabaseAuthenticationRepository.swift */,
			);
			path = Auth;
			sourceTree = "<group>";
		};
		C27361AC325136506E55F3C4 /* Concert */ = {
			isa = PBXGroup;
			children = (
				D9224775E10F128EC952F4D9 /* ConcertAlbumView.swift */,
				A439D31D760416F79E073FAB /* ConcertArchiveView.swift */,
				607F112255B95105F98C8662 /* ConcertCollaborationSheets.swift */,
				57A397514DA79526B0C10E77 /* ConcertCommentsView.swift */,
				48D5349FC56B2CBC9101478D /* ConcertCreationDraft.swift */,
				BD75288821322770423012C4 /* ConcertCreationFormSections.swift */,
				1B68A83B5FEE54C667FDD5DF /* ConcertCreationView.swift */,
				928728B8414A847C3CE27348 /* ConcertEditView.swift */,
				8CE4DB3E207A0AC8993F44B3 /* ConcertMonogramViews.swift */,
				0A5695E4F2552EBE2BF611CB /* ConcertPhotoView.swift */,
			);
			path = Concert;
			sourceTree = "<group>";
		};
		CBC713D6194BF6058D877CDF /* Data */ = {
			isa = PBXGroup;
			children = (
				B901A7C40A224ABA1721269A /* Auth */,
				99D91DBB6A186173946351BD /* Cache */,
				B15768FFE24C880F0A040151 /* Catalog */,
				103D49F6DBCA17735ED319D2 /* Concert */,
				5D1F6E5665D12F80CD77F452 /* Feedback */,
				5CAACBD70E59A0640C01205A /* Generated */,
				0A780E1AC6CD3EAD42BE6742 /* Profile */,
			);
			path = Data;
			sourceTree = "<group>";
		};
		D3F55AC61B7F81BB7215EAAA /* Tests */ = {
			isa = PBXGroup;
			children = (
				4B185CD800E6B9369C52FD98 /* AlbumReadinessTests.swift */,
				2AAF92EFCF48872007F2A304 /* AppCacheHardeningTests.swift */,
				D9874CBB46B7C10D8BD3D130 /* AppCacheStorageTests.swift */,
				00796CCD74299B830D1CCE46 /* AppConfigurationTests.swift */,
				013F52C7F7D39C1E0370B322 /* AppDataCacheTests.swift */,
				1243DF949645D1AB5318AC3A /* AppFailureTests.swift */,
				5B4D78CF3EBF909F50D10F04 /* AppMediaCacheTests.swift */,
				CD9A69947EB0D7D466B95A6D /* AppSessionSignOutTests.swift */,
				B7788CE273B97F5DF8299CB3 /* AppSessionTests.swift */,
				57FDDFA7886E6E8E872E5AF9 /* AvatarImageProcessorTests.swift */,
				74E554D5641FBB717D1051A1 /* CachingConcertFixtures.swift */,
				CBB5EF092381A81E8DCEABEA /* CachingConcertMutationTests.swift */,
				25E0AC916EDCB0067656B14C /* CachingConcertMutationTestSupport.swift */,
				92C58F63460E2CA54114828E /* CachingConcertRepositoryAssertions.swift */,
				0FFF5BB2D4E0012FC744B6C7 /* CachingConcertRepositoryTests.swift */,
				A63A5DA16780038538F59309 /* CachingConcertRepositoryTestSupport.swift */,
				01B0D96A0DB3CFC7F3523631 /* CachingProfileRepositoryTests.swift */,
				1BE2F9F51BD9E636B4A4F0F2 /* CachingSocialRepositoryTests.swift */,
				CC1E38A8A523C54E3092618A /* CachingSocialRepositoryTestSupport.swift */,
				A61A8D23CF454736E46B989C /* CatalogSearchTestRepository.swift */,
				21073FA12796111F79010BBE /* ConcertInputTests.swift */,
				8D20A416A01449F03EA5661F /* DevelopmentConcertRepositoryTests.swift */,
				2D653AA51C36082C30B6B3EB /* DevelopmentMusicCatalogTests.swift */,
				AB65B95E9AC543A960D5F27F /* DevelopmentScenarioTests.swift */,
				5459A1928EB0514BA0734156 /* DevelopmentSocialRepositoryTests.swift */,
				F6AB621B9A64BDE7C998C6D0 /* GoogleAuthenticationClientTests.swift */,
				CC42DD81FFABFB4F55ECBD0E /* LocalSeededAccountTests.swift */,
				3FDCCD256D3857937D157AEB /* MusicCatalogTests.swift */,
				EE537AE3FB6165A62FE039E0 /* NativeSocialAuthenticationTests.swift */,
				1237B11A854A5A058C98A39C /* ProfileInputTests.swift */,
				2F7883953FF6E8AF449F2EEE /* SignedURLCacheTests.swift */,
				DD654ACD06E9E04AD7DA86BF /* TelemetryTests.swift */,
				93B17BB128F3EE14857B0AEB /* TunedInAppearanceTests.swift */,
				1F681222916D48C5DFDF2BF0 /* TunedInGlassSearchFieldFocusTests.swift */,
				4F9B1A4D54544CD7AA15C942 /* TunedInKeyboardPresentationTests.swift */,
			);
			name = Tests;
			path = ios/tunedIn/Tests;
			sourceTree = "<group>";
		};
		DCB87945CF652946C87A3D18 /* Config */ = {
			isa = PBXGroup;
			children = (
				D67B053FD48480724DE8A13B /* Development.xcconfig */,
				BA35447B2A5A7761DC6F9A1C /* Local.xcconfig */,
				EF321C880B55FB19086D20D1 /* Production.xcconfig */,
				59D9E25666338F3EB1CA706E /* Staging.xcconfig */,
			);
			name = Config;
			path = ios/Config;
			sourceTree = "<group>";
		};
		DDECFBD4952912BCCA4E3DB2 /* Core */ = {
			isa = PBXGroup;
			children = (
				5D2AFCDAA37FBDE266F48B9B /* Configuration */,
				9EB900DF5D802B39D61F8C5E /* DesignSystem */,
				7C055213003A45EC19BDDE20 /* Models */,
				503709044ADFC81FDA9427F5 /* Telemetry */,
			);
			path = Core;
			sourceTree = "<group>";
		};
		E36381AB717EF8D3632825B5 /* Catalog */ = {
			isa = PBXGroup;
			children = (
				9993F302F8677B71155395C6 /* CatalogCustomEntryView.swift */,
				31182F15131032C2CEBBB6B4 /* CatalogPickerView.swift */,
				6E9515DFEDEC6E1303CB06D2 /* CatalogSearchModel.swift */,
			);
			path = Catalog;
			sourceTree = "<group>";
		};
		E3DF27120E15C153F943FD3D /* Resources */ = {
			isa = PBXGroup;
			children = (
				3DE47B97A300C1CC89CD02B0 /* Assets.xcassets */,
				633725CD557D467B89AF6D8A /* tunedIn-Staging.entitlements */,
				4C97A9900A178845F43F836D /* Artwork */,
			);
			name = Resources;
			path = ios/tunedIn/Resources;
			sourceTree = "<group>";
		};
/* End PBXGroup section */

/* Begin PBXNativeTarget section */
		B37CEEA13A52EB565D363CE3 /* tunedInTests */ = {
			isa = PBXNativeTarget;
			buildConfigurationList = BCA174E2321634208B7EC300 /* Build configuration list for PBXNativeTarget "tunedInTests" */;
			buildPhases = (
				A484090F1FCBA68672E8F055 /* Sources */,
			);
			buildRules = (
			);
			dependencies = (
				B58FF19BC4DA7825FCA705A9 /* PBXTargetDependency */,
			);
			name = tunedInTests;
			packageProductDependencies = (
			);
			productName = tunedInTests;
			productReference = 83BF7EE9D267EF5CBBBC9AAF /* tunedInTests.xctest */;
			productType = "com.apple.product-type.bundle.unit-test";
		};
		D40859D2935DAC8A8EC0B7FC /* tunedIn */ = {
			isa = PBXNativeTarget;
			buildConfigurationList = ADC3F6E349A24D94F0FFB66C /* Build configuration list for PBXNativeTarget "tunedIn" */;
			buildPhases = (
				13563678EE42806ACFA9946A /* Sources */,
				94F95681E891B65DFB9B074D /* Resources */,
				F65043DC5740B99E878AE179 /* Frameworks */,
			);
			buildRules = (
			);
			dependencies = (
			);
			name = tunedIn;
			packageProductDependencies = (
				B6F2D9A4EC1EE98284A811CD /* GoogleSignIn */,
				E5690A68EF65B2159DF137FC /* PostHog */,
				CB89FFF236B4128126206475 /* Supabase */,
			);
			productName = tunedIn;
			productReference = A68C4BF2544ABC5F8B9AA816 /* tunedIn.app */;
			productType = "com.apple.product-type.application";
		};
/* End PBXNativeTarget section */

/* Begin PBXProject section */
		1BF06E26FE879841BA1404E4 /* Project object */ = {
			isa = PBXProject;
			attributes = {
				BuildIndependentTargetsInParallel = YES;
				LastUpgradeCheck = 1430;
				TargetAttributes = {
				};
			};
			buildConfigurationList = 8B558A61C2AA66DF37D6BBD7 /* Build configuration list for PBXProject "tunedIn" */;
			developmentRegion = en;
			hasScannedForEncodings = 0;
			knownRegions = (
				Base,
				en,
			);
			mainGroup = 976091E67F8D9586344637F8;
			minimizedProjectReferenceProxies = 1;
			packageReferences = (
				A929FDB00F78FF8BF3C14391 /* XCRemoteSwiftPackageReference "GoogleSignIn-iOS" */,
				5BF1C72B29DF638DD6CD9263 /* XCRemoteSwiftPackageReference "posthog-ios" */,
				AF2907167FBA725F0D32DD46 /* XCRemoteSwiftPackageReference "supabase-swift" */,
			);
			preferredProjectObjectVersion = 77;
			productRefGroup = 055762B14EB89EF514B5C0B5 /* Products */;
			projectDirPath = "";
			projectRoot = "";
			targets = (
				D40859D2935DAC8A8EC0B7FC /* tunedIn */,
				B37CEEA13A52EB565D363CE3 /* tunedInTests */,
			);
		};
/* End PBXProject section */

/* Begin PBXResourcesBuildPhase section */
		94F95681E891B65DFB9B074D /* Resources */ = {
			isa = PBXResourcesBuildPhase;
			buildActionMask = 2147483647;
			files = (
				01FA7370211F6DC056721116 /* Assets.xcassets in Resources */,
				7F900D7F871E8EB8BF235637 /* afterglow-stage.png in Resources */,
				BE7554363F72DAE88183452E /* midnight-theatre.png in Resources */,
			);
			runOnlyForDeploymentPostprocessing = 0;
		};
/* End PBXResourcesBuildPhase section */

/* Begin PBXSourcesBuildPhase section */
		13563678EE42806ACFA9946A /* Sources */ = {
			isa = PBXSourcesBuildPhase;
			buildActionMask = 2147483647;
			files = (
				239BFE8594ABAC004DDA2D9E /* AlbumUploadBatchExecutor.swift in Sources */,
				9C11EF2F74441C11ACC3B3C2 /* AppCacheDiagnostics.swift in Sources */,
				FE51B3E883DE1D66D4D14279 /* AppCacheStorage.swift in Sources */,
				718A767D406EBF76FBCB488B /* AppCacheTypes.swift in Sources */,
				690FC5B8BB56B1E30AC47B72 /* AppConfiguration.swift in Sources */,
				9B82FB9B7F094931B9622D52 /* AppContainer.swift in Sources */,
				1F2FB2032D33D2A7A5C26C62 /* AppDataCache+Construction.swift in Sources */,
				AF47C399A33E2C4A3552A4D9 /* AppDataCache+Entries.swift in Sources */,
				4A58FD142ED9EDD99A299E8C /* AppDataCache+Mutation.swift in Sources */,
				2EF48A51D139DB745D41B9E3 /* AppDataCache.swift in Sources */,
				8DB5FDBE3AA6727C196A4337 /* AppFailure.swift in Sources */,
				8D0C2469F76045C3E7492016 /* AppMediaCache.swift in Sources */,
				E4D4BB4077D2B6C7E74F7E08 /* AppNetworkSession.swift in Sources */,
				50A81F38CF306B62FD2C87D7 /* AppSession.swift in Sources */,
				4A7F7564BB0EE2561B60B00F /* AppSessionPhase+Authentication.swift in Sources */,
				8F3C5D513BD8199AFC4896DC /* AuthenticationRepository.swift in Sources */,
				8A0FCDC894E557A1EFB27587 /* AvatarImageProcessor.swift in Sources */,
				216391B52A478DAA34F5ECAC /* CachedRemoteImage.swift in Sources */,
				B8CBC183E1F8AE0DF5C0B243 /* CachingConcertRepository+Mutations.swift in Sources */,
				5164EBAA34A274523174EBEB /* CachingConcertRepository.swift in Sources */,
				66A649DA73F6A444CBA73DC8 /* CachingProfileRepository.swift in Sources */,
				AE81DCE029F4C5D0BAFD47C3 /* CachingSocialRepository.swift in Sources */,
				96F67B93C5CE32802A7BBF7F /* CatalogCustomEntryView.swift in Sources */,
				E7F86EE55C2237559230EF1B /* CatalogPickerView.swift in Sources */,
				7C5E39EEC50F78A16D6351E4 /* CatalogSearchModel.swift in Sources */,
				6F2919030AA61C68435BC5B8 /* Concert.swift in Sources */,
				CA3B62A0ECBE75BF5F832D04 /* ConcertAlbumImageProcessor.swift in Sources */,
				B0D627D07A1F3473D8C920C8 /* ConcertAlbumView.swift in Sources */,
				3DDFF6632A0FF59AA5074712 /* ConcertArchiveView.swift in Sources */,
				FA19D4BCBE81ABBD2AFC6813 /* ConcertCollaborationSheets.swift in Sources */,
				BDA4800089B8C2A1AEA9EB36 /* ConcertCommentsView.swift in Sources */,
				DD9DF4D5F2A6DFA4463F9723 /* ConcertCreationDraft.swift in Sources */,
				7A9E943A4D2A0A5CD8AF0398 /* ConcertCreationFormSections.swift in Sources */,
				ACE8334B175DF5C109B78F0C /* ConcertCreationView.swift in Sources */,
				FFE550293F65A397E74C7215 /* ConcertEditView.swift in Sources */,
				995AACDF119F6E2E3067FC3D /* ConcertMonogramViews.swift in Sources */,
				719F101178208A613D6F7483 /* ConcertPhotoView.swift in Sources */,
				2577832D8CB24FADB94E3250 /* ConcertRepository.swift in Sources */,
				BA7A55F7A9F1B31C691FDC04 /* DevelopmentConcertRepository.swift in Sources */,
				6563BD0226642A274D98FEF0 /* DevelopmentMusicCatalogRepository.swift in Sources */,
				F65D718B16A14EDEF2F1E39D /* DevelopmentScenario.swift in Sources */,
				1074AE742D18F1043F2EC934 /* DevelopmentSocialRepository.swift in Sources */,
				65B10C1D7A2DE2006D794A5C /* EmailSignInView.swift in Sources */,
				A8A2DDCEBC958A4C3C29E0A0 /* EmailVerificationView.swift in Sources */,
				C971A43D0669101756911698 /* FeedPlaceholderView.swift in Sources */,
				416E16CEB733DF73D5D7DD64 /* FeedbackRepository.swift in Sources */,
				69F0EFB8BBFFC8F44FBAAA53 /* FeedbackView.swift in Sources */,
				4DEE2B4C25A87C1C688EBCB1 /* GoogleAuthenticationClient.swift in Sources */,
				BEE8A816110FA18CB281A6D8 /* LocalSeededAccount.swift in Sources */,
				F7FDC6308F271BC12826390A /* LocalSimulatorAuthStorage.swift in Sources */,
				69F1F1BC49DF4485D2DCFDA2 /* MusicCatalog.swift in Sources */,
				E39F8D45BE40B4934641D52C /* MusicCatalogRepository.swift in Sources */,
				E3BAF02B2C8ECCF11FD56841 /* NativeSocialSignInView.swift in Sources */,
				31D622AFEF6EE9C7391285DE /* OnboardingView.swift in Sources */,
				C019CCF65BDF8AD9A3C4C558 /* PeopleHubView.swift in Sources */,
				DE9D4024F47CD0B1936B8812 /* PersonProfileView.swift in Sources */,
				F6BD5F9DE56156E2DDA5B1EF /* PostHogTelemetryTransport.swift in Sources */,
				67345CBEAC36CF672F4158E0 /* Profile.swift in Sources */,
				A111EE6F1E729528DDD55F8D /* ProfileAvatarView.swift in Sources */,
				6E2D811C78F565BE6B11B403 /* ProfileRepository.swift in Sources */,
				1F370D3E3BCB807C700E18B0 /* ProfileTabView.swift in Sources */,
				57F081E618CAF393AF471A66 /* RootView.swift in Sources */,
				8E89ADE92E9EC969C9642D6B /* SignedURLCache.swift in Sources */,
				688D1000AEFBC476BB11BD63 /* SocialProfileSearchCache.swift in Sources */,
				578D26050C3AABF525F572E7 /* SocialRepository.swift in Sources */,
				2AEC9C708B7ADD5C38F331BE /* SupabaseAuthenticationRepository.swift in Sources */,
				905E3D91E2B813DA12200AAD /* SupabaseConcertRepository.swift in Sources */,
				259574E3EFD5725A0A08BDB1 /* SupabaseFeedbackRepository.swift in Sources */,
				439D26423A0BE361FF528EFB /* SupabaseMusicCatalogRepository.swift in Sources */,
				A555A5875A5637540E1BC35E /* SupabaseProfileRepository.swift in Sources */,
				859F522D8C2735A0948A2B71 /* SupabaseSocialRepository.swift in Sources */,
				EC79DB067047705BFA83DD0E /* SupabaseTypes.swift in Sources */,
				9453A4623DBE50BCDF3AEC5F /* SwiftDataSnapshotStore.swift in Sources */,
				4D5EE7414954BFC0D4FAB931 /* TelemetryClient.swift in Sources */,
				722B683A23266AE95A60654F /* TelemetryModels.swift in Sources */,
				083DFB2EDCC427DB5E1FC3B2 /* TelemetrySanitizer.swift in Sources */,
				6C0EDB26F090351F12437B36 /* TelemetrySettingsView.swift in Sources */,
				02A3DF2E2A93DF3BF391C823 /* TunedInAppearance.swift in Sources */,
				063A304A122AB3F34C63D114 /* TunedInDesignSystem.swift in Sources */,
				8FCAFFA83A941FD8C0EB2B6F /* tunedInApp.swift in Sources */,
			);
			runOnlyForDeploymentPostprocessing = 0;
		};
		A484090F1FCBA68672E8F055 /* Sources */ = {
			isa = PBXSourcesBuildPhase;
			buildActionMask = 2147483647;
			files = (
				92360D3D1229A15146C11DFE /* AlbumReadinessTests.swift in Sources */,
				ED36D040C72E7836C8EA4A21 /* AppCacheHardeningTests.swift in Sources */,
				98FB5D12AFC8CB5F72B906F7 /* AppCacheStorageTests.swift in Sources */,
				E67F40E1271039F458BCBEBB /* AppConfigurationTests.swift in Sources */,
				EF0BD50EED03923207110104 /* AppDataCacheTests.swift in Sources */,
				305EB7B1166D9EC2981A9292 /* AppFailureTests.swift in Sources */,
				84FDEA100713BBBCA0F44762 /* AppMediaCacheTests.swift in Sources */,
				9EF2B758E88A5DDFF15F0B12 /* AppSessionSignOutTests.swift in Sources */,
				F4E200A9A3F2B4A822C52209 /* AppSessionTests.swift in Sources */,
				113D27B6136FBB89C6B8D9A0 /* AvatarImageProcessorTests.swift in Sources */,
				120F59420E5B1D42BAE52358 /* CachingConcertFixtures.swift in Sources */,
				14788058168E50F5EC505E4B /* CachingConcertMutationTestSupport.swift in Sources */,
				B2D002378F618540456FC7A2 /* CachingConcertMutationTests.swift in Sources */,
				41BDB81104C4F1D219D1CEED /* CachingConcertRepositoryAssertions.swift in Sources */,
				9807142221226376AA502CAC /* CachingConcertRepositoryTestSupport.swift in Sources */,
				2B4113343973AA06563A64DD /* CachingConcertRepositoryTests.swift in Sources */,
				580A93FE07FE0567E4FE811B /* CachingProfileRepositoryTests.swift in Sources */,
				AC269C3B78F78CDE8267040A /* CachingSocialRepositoryTestSupport.swift in Sources */,
				502ED9B66C75E572400D0553 /* CachingSocialRepositoryTests.swift in Sources */,
				FCD0EC22A0E4DEE101E3ABA5 /* CatalogSearchTestRepository.swift in Sources */,
				1793E9051F51C7519FF80E6E /* ConcertInputTests.swift in Sources */,
				29178E4550968F8687FE86CA /* DevelopmentConcertRepositoryTests.swift in Sources */,
				C15327F2FFA67ED5DF412FF5 /* DevelopmentMusicCatalogTests.swift in Sources */,
				B285EF895AF1F404CC298893 /* DevelopmentScenarioTests.swift in Sources */,
				61EA68C9D69C488AD366940C /* DevelopmentSocialRepositoryTests.swift in Sources */,
				5EEBEE3DD207E153FB648433 /* GoogleAuthenticationClientTests.swift in Sources */,
				1B3DDAF057B8F6E131BDC885 /* LocalSeededAccountTests.swift in Sources */,
				54681288DB3FCA58A1E8E9B2 /* MusicCatalogTests.swift in Sources */,
				727253E2D1A906BA97CFDAE5 /* NativeSocialAuthenticationTests.swift in Sources */,
				D6331F38545589E8EC42E675 /* ProfileInputTests.swift in Sources */,
				395C8557A1C118C14C1806B9 /* SignedURLCacheTests.swift in Sources */,
				0686BF43E368DFAE66D3ED69 /* TelemetryTests.swift in Sources */,
				83A9DCB96622FE84342F37C4 /* TunedInAppearanceTests.swift in Sources */,
				E32DC85B878DFC16114463AD /* TunedInGlassSearchFieldFocusTests.swift in Sources */,
				92D3C73DFE5BD6BA1C81A095 /* TunedInKeyboardPresentationTests.swift in Sources */,
			);
			runOnlyForDeploymentPostprocessing = 0;
		};
/* End PBXSourcesBuildPhase section */

/* Begin PBXTargetDependency section */
		B58FF19BC4DA7825FCA705A9 /* PBXTargetDependency */ = {
			isa = PBXTargetDependency;
			target = D40859D2935DAC8A8EC0B7FC /* tunedIn */;
			targetProxy = 74A41812564E2FC81037E882 /* PBXContainerItemProxy */;
		};
/* End PBXTargetDependency section */

/* Begin XCBuildConfiguration section */
		0A6AAC3ECDB4A0931AAFCE5F /* Staging */ = {
			isa = XCBuildConfiguration;
			baseConfigurationReference = 59D9E25666338F3EB1CA706E /* Staging.xcconfig */;
			buildSettings = {
				BUNDLE_LOADER = "$(TEST_HOST)";
				GENERATE_INFOPLIST_FILE = YES;
				LD_RUNPATH_SEARCH_PATHS = (
					"$(inherited)",
					"@executable_path/Frameworks",
					"@loader_path/Frameworks",
				);
				PRODUCT_BUNDLE_IDENTIFIER = com.ethanherrera.tunedin.tests;
				SDKROOT = iphoneos;
				TARGETED_DEVICE_FAMILY = "1,2";
				TEST_HOST = "$(BUILT_PRODUCTS_DIR)/tunedIn.app/tunedIn";
			};
			name = Staging;
		};
		12677CEFF6792045C4EA2F19 /* Local */ = {
			isa = XCBuildConfiguration;
			baseConfigurationReference = BA35447B2A5A7761DC6F9A1C /* Local.xcconfig */;
			buildSettings = {
				BUNDLE_LOADER = "$(TEST_HOST)";
				GENERATE_INFOPLIST_FILE = YES;
				LD_RUNPATH_SEARCH_PATHS = (
					"$(inherited)",
					"@executable_path/Frameworks",
					"@loader_path/Frameworks",
				);
				PRODUCT_BUNDLE_IDENTIFIER = com.ethanherrera.tunedin.tests;
				SDKROOT = iphoneos;
				TARGETED_DEVICE_FAMILY = "1,2";
				TEST_HOST = "$(BUILT_PRODUCTS_DIR)/tunedIn.app/tunedIn";
			};
			name = Local;
		};
		1E6BA31E44543072097F2CCE /* Production */ = {
			isa = XCBuildConfiguration;
			baseConfigurationReference = EF321C880B55FB19086D20D1 /* Production.xcconfig */;
			buildSettings = {
				BUNDLE_LOADER = "$(TEST_HOST)";
				GENERATE_INFOPLIST_FILE = YES;
				LD_RUNPATH_SEARCH_PATHS = (
					"$(inherited)",
					"@executable_path/Frameworks",
					"@loader_path/Frameworks",
				);
				PRODUCT_BUNDLE_IDENTIFIER = com.ethanherrera.tunedin.tests;
				SDKROOT = iphoneos;
				TARGETED_DEVICE_FAMILY = "1,2";
				TEST_HOST = "$(BUILT_PRODUCTS_DIR)/tunedIn.app/tunedIn";
			};
			name = Production;
		};
		2120458D84CDD7889E5C7E01 /* Development */ = {
			isa = XCBuildConfiguration;
			baseConfigurationReference = D67B053FD48480724DE8A13B /* Development.xcconfig */;
			buildSettings = {
				ASSETCATALOG_COMPILER_APPICON_NAME = AppIcon;
				CODE_SIGN_IDENTITY = "iPhone Developer";
				GENERATE_INFOPLIST_FILE = NO;
				INFOPLIST_FILE = ios/tunedIn/Resources/Info.plist;
				LD_RUNPATH_SEARCH_PATHS = (
					"$(inherited)",
					"@executable_path/Frameworks",
				);
				PRODUCT_NAME = tunedIn;
				SDKROOT = iphoneos;
				SUPPORTS_MACCATALYST = NO;
				TARGETED_DEVICE_FAMILY = 1;
			};
			name = Development;
		};
		57C362E17442CF6759349218 /* Staging */ = {
			isa = XCBuildConfiguration;
			baseConfigurationReference = 59D9E25666338F3EB1CA706E /* Staging.xcconfig */;
			buildSettings = {
				ASSETCATALOG_COMPILER_APPICON_NAME = AppIcon;
				CODE_SIGN_ENTITLEMENTS = "ios/tunedIn/Resources/tunedIn-Staging.entitlements";
				CODE_SIGN_IDENTITY = "iPhone Developer";
				GENERATE_INFOPLIST_FILE = NO;
				INFOPLIST_FILE = ios/tunedIn/Resources/Info.plist;
				LD_RUNPATH_SEARCH_PATHS = (
					"$(inherited)",
					"@executable_path/Frameworks",
				);
				PRODUCT_NAME = tunedIn;
				SDKROOT = iphoneos;
				SUPPORTS_MACCATALYST = NO;
				TARGETED_DEVICE_FAMILY = 1;
			};
			name = Staging;
		};
		59C00E7E91C787526F0920F4 /* Production */ = {
			isa = XCBuildConfiguration;
			buildSettings = {
				ALWAYS_SEARCH_USER_PATHS = NO;
				CLANG_ANALYZER_NONNULL = YES;
				CLANG_ANALYZER_NUMBER_OBJECT_CONVERSION = YES_AGGRESSIVE;
				CLANG_CXX_LANGUAGE_STANDARD = "gnu++14";
				CLANG_CXX_LIBRARY = "libc++";
				CLANG_ENABLE_MODULES = YES;
				CLANG_ENABLE_OBJC_ARC = YES;
				CLANG_ENABLE_OBJC_WEAK = YES;
				CLANG_WARN_BLOCK_CAPTURE_AUTORELEASING = YES;
				CLANG_WARN_BOOL_CONVERSION = YES;
				CLANG_WARN_COMMA = YES;
				CLANG_WARN_CONSTANT_CONVERSION = YES;
				CLANG_WARN_DEPRECATED_OBJC_IMPLEMENTATIONS = YES;
				CLANG_WARN_DIRECT_OBJC_ISA_USAGE = YES_ERROR;
				CLANG_WARN_DOCUMENTATION_COMMENTS = YES;
				CLANG_WARN_EMPTY_BODY = YES;
				CLANG_WARN_ENUM_CONVERSION = YES;
				CLANG_WARN_INFINITE_RECURSION = YES;
				CLANG_WARN_INT_CONVERSION = YES;
				CLANG_WARN_NON_LITERAL_NULL_CONVERSION = YES;
				CLANG_WARN_OBJC_IMPLICIT_RETAIN_SELF = YES;
				CLANG_WARN_OBJC_LITERAL_CONVERSION = YES;
				CLANG_WARN_OBJC_ROOT_CLASS = YES_ERROR;
				CLANG_WARN_QUOTED_INCLUDE_IN_FRAMEWORK_HEADER = YES;
				CLANG_WARN_RANGE_LOOP_ANALYSIS = YES;
				CLANG_WARN_STRICT_PROTOTYPES = YES;
				CLANG_WARN_SUSPICIOUS_MOVE = YES;
				CLANG_WARN_UNGUARDED_AVAILABILITY = YES_AGGRESSIVE;
				CLANG_WARN_UNREACHABLE_CODE = YES;
				CLANG_WARN__DUPLICATE_METHOD_MATCH = YES;
				COPY_PHASE_STRIP = NO;
				DEBUG_INFORMATION_FORMAT = "dwarf-with-dsym";
				ENABLE_NS_ASSERTIONS = NO;
				ENABLE_STRICT_OBJC_MSGSEND = YES;
				GCC_C_LANGUAGE_STANDARD = gnu11;
				GCC_NO_COMMON_BLOCKS = YES;
				GCC_WARN_64_TO_32_BIT_CONVERSION = YES;
				GCC_WARN_ABOUT_RETURN_TYPE = YES_ERROR;
				GCC_WARN_UNDECLARED_SELECTOR = YES;
				GCC_WARN_UNINITIALIZED_AUTOS = YES_AGGRESSIVE;
				GCC_WARN_UNUSED_FUNCTION = YES;
				GCC_WARN_UNUSED_VARIABLE = YES;
				IPHONEOS_DEPLOYMENT_TARGET = 17.0;
				MTL_ENABLE_DEBUG_INFO = NO;
				MTL_FAST_MATH = YES;
				PRODUCT_NAME = "$(TARGET_NAME)";
				SDKROOT = iphoneos;
				SWIFT_COMPILATION_MODE = wholemodule;
				SWIFT_OPTIMIZATION_LEVEL = "-O";
				SWIFT_STRICT_CONCURRENCY = complete;
				SWIFT_VERSION = 6.0;
			};
			name = Production;
		};
		64A52F134C16FA0DD7E57EB3 /* Development */ = {
			isa = XCBuildConfiguration;
			buildSettings = {
				ALWAYS_SEARCH_USER_PATHS = NO;
				CLANG_ANALYZER_NONNULL = YES;
				CLANG_ANALYZER_NUMBER_OBJECT_CONVERSION = YES_AGGRESSIVE;
				CLANG_CXX_LANGUAGE_STANDARD = "gnu++14";
				CLANG_CXX_LIBRARY = "libc++";
				CLANG_ENABLE_MODULES = YES;
				CLANG_ENABLE_OBJC_ARC = YES;
				CLANG_ENABLE_OBJC_WEAK = YES;
				CLANG_WARN_BLOCK_CAPTURE_AUTORELEASING = YES;
				CLANG_WARN_BOOL_CONVERSION = YES;
				CLANG_WARN_COMMA = YES;
				CLANG_WARN_CONSTANT_CONVERSION = YES;
				CLANG_WARN_DEPRECATED_OBJC_IMPLEMENTATIONS = YES;
				CLANG_WARN_DIRECT_OBJC_ISA_USAGE = YES_ERROR;
				CLANG_WARN_DOCUMENTATION_COMMENTS = YES;
				CLANG_WARN_EMPTY_BODY = YES;
				CLANG_WARN_ENUM_CONVERSION = YES;
				CLANG_WARN_INFINITE_RECURSION = YES;
				CLANG_WARN_INT_CONVERSION = YES;
				CLANG_WARN_NON_LITERAL_NULL_CONVERSION = YES;
				CLANG_WARN_OBJC_IMPLICIT_RETAIN_SELF = YES;
				CLANG_WARN_OBJC_LITERAL_CONVERSION = YES;
				CLANG_WARN_OBJC_ROOT_CLASS = YES_ERROR;
				CLANG_WARN_QUOTED_INCLUDE_IN_FRAMEWORK_HEADER = YES;
				CLANG_WARN_RANGE_LOOP_ANALYSIS = YES;
				CLANG_WARN_STRICT_PROTOTYPES = YES;
				CLANG_WARN_SUSPICIOUS_MOVE = YES;
				CLANG_WARN_UNGUARDED_AVAILABILITY = YES_AGGRESSIVE;
				CLANG_WARN_UNREACHABLE_CODE = YES;
				CLANG_WARN__DUPLICATE_METHOD_MATCH = YES;
				COPY_PHASE_STRIP = NO;
				DEBUG_INFORMATION_FORMAT = dwarf;
				ENABLE_STRICT_OBJC_MSGSEND = YES;
				ENABLE_TESTABILITY = YES;
				GCC_C_LANGUAGE_STANDARD = gnu11;
				GCC_DYNAMIC_NO_PIC = NO;
				GCC_NO_COMMON_BLOCKS = YES;
				GCC_OPTIMIZATION_LEVEL = 0;
				GCC_PREPROCESSOR_DEFINITIONS = (
					"$(inherited)",
					"DEBUG=1",
				);
				GCC_WARN_64_TO_32_BIT_CONVERSION = YES;
				GCC_WARN_ABOUT_RETURN_TYPE = YES_ERROR;
				GCC_WARN_UNDECLARED_SELECTOR = YES;
				GCC_WARN_UNINITIALIZED_AUTOS = YES_AGGRESSIVE;
				GCC_WARN_UNUSED_FUNCTION = YES;
				GCC_WARN_UNUSED_VARIABLE = YES;
				IPHONEOS_DEPLOYMENT_TARGET = 17.0;
				MTL_ENABLE_DEBUG_INFO = INCLUDE_SOURCE;
				MTL_FAST_MATH = YES;
				ONLY_ACTIVE_ARCH = YES;
				PRODUCT_NAME = "$(TARGET_NAME)";
				SDKROOT = iphoneos;
				SWIFT_ACTIVE_COMPILATION_CONDITIONS = DEBUG;
				SWIFT_OPTIMIZATION_LEVEL = "-Onone";
				SWIFT_STRICT_CONCURRENCY = complete;
				SWIFT_VERSION = 6.0;
			};
			name = Development;
		};
		7AD3E43C812DE8842B301D4E /* Production */ = {
			isa = XCBuildConfiguration;
			baseConfigurationReference = EF321C880B55FB19086D20D1 /* Production.xcconfig */;
			buildSettings = {
				ASSETCATALOG_COMPILER_APPICON_NAME = AppIcon;
				CODE_SIGN_IDENTITY = "iPhone Developer";
				GENERATE_INFOPLIST_FILE = NO;
				INFOPLIST_FILE = ios/tunedIn/Resources/Info.plist;
				LD_RUNPATH_SEARCH_PATHS = (
					"$(inherited)",
					"@executable_path/Frameworks",
				);
				PRODUCT_NAME = tunedIn;
				SDKROOT = iphoneos;
				SUPPORTS_MACCATALYST = NO;
				TARGETED_DEVICE_FAMILY = 1;
			};
			name = Production;
		};
		9991FEA2B977BF2D4EDB23E2 /* Local */ = {
			isa = XCBuildConfiguration;
			baseConfigurationReference = BA35447B2A5A7761DC6F9A1C /* Local.xcconfig */;
			buildSettings = {
				ASSETCATALOG_COMPILER_APPICON_NAME = AppIcon;
				CODE_SIGN_IDENTITY = "iPhone Developer";
				GENERATE_INFOPLIST_FILE = NO;
				INFOPLIST_FILE = ios/tunedIn/Resources/Info.plist;
				LD_RUNPATH_SEARCH_PATHS = (
					"$(inherited)",
					"@executable_path/Frameworks",
				);
				PRODUCT_NAME = tunedIn;
				SDKROOT = iphoneos;
				SUPPORTS_MACCATALYST = NO;
				TARGETED_DEVICE_FAMILY = 1;
			};
			name = Local;
		};
		BFE05995D3939EC1ABAA8C8A /* Staging */ = {
			isa = XCBuildConfiguration;
			buildSettings = {
				ALWAYS_SEARCH_USER_PATHS = NO;
				CLANG_ANALYZER_NONNULL = YES;
				CLANG_ANALYZER_NUMBER_OBJECT_CONVERSION = YES_AGGRESSIVE;
				CLANG_CXX_LANGUAGE_STANDARD = "gnu++14";
				CLANG_CXX_LIBRARY = "libc++";
				CLANG_ENABLE_MODULES = YES;
				CLANG_ENABLE_OBJC_ARC = YES;
				CLANG_ENABLE_OBJC_WEAK = YES;
				CLANG_WARN_BLOCK_CAPTURE_AUTORELEASING = YES;
				CLANG_WARN_BOOL_CONVERSION = YES;
				CLANG_WARN_COMMA = YES;
				CLANG_WARN_CONSTANT_CONVERSION = YES;
				CLANG_WARN_DEPRECATED_OBJC_IMPLEMENTATIONS = YES;
				CLANG_WARN_DIRECT_OBJC_ISA_USAGE = YES_ERROR;
				CLANG_WARN_DOCUMENTATION_COMMENTS = YES;
				CLANG_WARN_EMPTY_BODY = YES;
				CLANG_WARN_ENUM_CONVERSION = YES;
				CLANG_WARN_INFINITE_RECURSION = YES;
				CLANG_WARN_INT_CONVERSION = YES;
				CLANG_WARN_NON_LITERAL_NULL_CONVERSION = YES;
				CLANG_WARN_OBJC_IMPLICIT_RETAIN_SELF = YES;
				CLANG_WARN_OBJC_LITERAL_CONVERSION = YES;
				CLANG_WARN_OBJC_ROOT_CLASS = YES_ERROR;
				CLANG_WARN_QUOTED_INCLUDE_IN_FRAMEWORK_HEADER = YES;
				CLANG_WARN_RANGE_LOOP_ANALYSIS = YES;
				CLANG_WARN_STRICT_PROTOTYPES = YES;
				CLANG_WARN_SUSPICIOUS_MOVE = YES;
				CLANG_WARN_UNGUARDED_AVAILABILITY = YES_AGGRESSIVE;
				CLANG_WARN_UNREACHABLE_CODE = YES;
				CLANG_WARN__DUPLICATE_METHOD_MATCH = YES;
				COPY_PHASE_STRIP = NO;
				DEBUG_INFORMATION_FORMAT = "dwarf-with-dsym";
				ENABLE_NS_ASSERTIONS = NO;
				ENABLE_STRICT_OBJC_MSGSEND = YES;
				GCC_C_LANGUAGE_STANDARD = gnu11;
				GCC_NO_COMMON_BLOCKS = YES;
				GCC_WARN_64_TO_32_BIT_CONVERSION = YES;
				GCC_WARN_ABOUT_RETURN_TYPE = YES_ERROR;
				GCC_WARN_UNDECLARED_SELECTOR = YES;
				GCC_WARN_UNINITIALIZED_AUTOS = YES_AGGRESSIVE;
				GCC_WARN_UNUSED_FUNCTION = YES;
				GCC_WARN_UNUSED_VARIABLE = YES;
				IPHONEOS_DEPLOYMENT_TARGET = 17.0;
				MTL_ENABLE_DEBUG_INFO = NO;
				MTL_FAST_MATH = YES;
				PRODUCT_NAME = "$(TARGET_NAME)";
				SDKROOT = iphoneos;
				SWIFT_COMPILATION_MODE = wholemodule;
				SWIFT_OPTIMIZATION_LEVEL = "-O";
				SWIFT_STRICT_CONCURRENCY = complete;
				SWIFT_VERSION = 6.0;
			};
			name = Staging;
		};
		F3DCC2DDD0915B0E8410D333 /* Development */ = {
			isa = XCBuildConfiguration;
			baseConfigurationReference = D67B053FD48480724DE8A13B /* Development.xcconfig */;
			buildSettings = {
				BUNDLE_LOADER = "$(TEST_HOST)";
				GENERATE_INFOPLIST_FILE = YES;
				LD_RUNPATH_SEARCH_PATHS = (
					"$(inherited)",
					"@executable_path/Frameworks",
					"@loader_path/Frameworks",
				);
				PRODUCT_BUNDLE_IDENTIFIER = com.ethanherrera.tunedin.tests;
				SDKROOT = iphoneos;
				TARGETED_DEVICE_FAMILY = "1,2";
				TEST_HOST = "$(BUILT_PRODUCTS_DIR)/tunedIn.app/tunedIn";
			};
			name = Development;
		};
		FE824E0DCA9C3BA12C929A72 /* Local */ = {
			isa = XCBuildConfiguration;
			buildSettings = {
				ALWAYS_SEARCH_USER_PATHS = NO;
				CLANG_ANALYZER_NONNULL = YES;
				CLANG_ANALYZER_NUMBER_OBJECT_CONVERSION = YES_AGGRESSIVE;
				CLANG_CXX_LANGUAGE_STANDARD = "gnu++14";
				CLANG_CXX_LIBRARY = "libc++";
				CLANG_ENABLE_MODULES = YES;
				CLANG_ENABLE_OBJC_ARC = YES;
				CLANG_ENABLE_OBJC_WEAK = YES;
				CLANG_WARN_BLOCK_CAPTURE_AUTORELEASING = YES;
				CLANG_WARN_BOOL_CONVERSION = YES;
				CLANG_WARN_COMMA = YES;
				CLANG_WARN_CONSTANT_CONVERSION = YES;
				CLANG_WARN_DEPRECATED_OBJC_IMPLEMENTATIONS = YES;
				CLANG_WARN_DIRECT_OBJC_ISA_USAGE = YES_ERROR;
				CLANG_WARN_DOCUMENTATION_COMMENTS = YES;
				CLANG_WARN_EMPTY_BODY = YES;
				CLANG_WARN_ENUM_CONVERSION = YES;
				CLANG_WARN_INFINITE_RECURSION = YES;
				CLANG_WARN_INT_CONVERSION = YES;
				CLANG_WARN_NON_LITERAL_NULL_CONVERSION = YES;
				CLANG_WARN_OBJC_IMPLICIT_RETAIN_SELF = YES;
				CLANG_WARN_OBJC_LITERAL_CONVERSION = YES;
				CLANG_WARN_OBJC_ROOT_CLASS = YES_ERROR;
				CLANG_WARN_QUOTED_INCLUDE_IN_FRAMEWORK_HEADER = YES;
				CLANG_WARN_RANGE_LOOP_ANALYSIS = YES;
				CLANG_WARN_STRICT_PROTOTYPES = YES;
				CLANG_WARN_SUSPICIOUS_MOVE = YES;
				CLANG_WARN_UNGUARDED_AVAILABILITY = YES_AGGRESSIVE;
				CLANG_WARN_UNREACHABLE_CODE = YES;
				CLANG_WARN__DUPLICATE_METHOD_MATCH = YES;
				COPY_PHASE_STRIP = NO;
				DEBUG_INFORMATION_FORMAT = dwarf;
				ENABLE_STRICT_OBJC_MSGSEND = YES;
				ENABLE_TESTABILITY = YES;
				GCC_C_LANGUAGE_STANDARD = gnu11;
				GCC_DYNAMIC_NO_PIC = NO;
				GCC_NO_COMMON_BLOCKS = YES;
				GCC_OPTIMIZATION_LEVEL = 0;
				GCC_PREPROCESSOR_DEFINITIONS = (
					"$(inherited)",
					"DEBUG=1",
				);
				GCC_WARN_64_TO_32_BIT_CONVERSION = YES;
				GCC_WARN_ABOUT_RETURN_TYPE = YES_ERROR;
				GCC_WARN_UNDECLARED_SELECTOR = YES;
				GCC_WARN_UNINITIALIZED_AUTOS = YES_AGGRESSIVE;
				GCC_WARN_UNUSED_FUNCTION = YES;
				GCC_WARN_UNUSED_VARIABLE = YES;
				IPHONEOS_DEPLOYMENT_TARGET = 17.0;
				MTL_ENABLE_DEBUG_INFO = INCLUDE_SOURCE;
				MTL_FAST_MATH = YES;
				ONLY_ACTIVE_ARCH = YES;
				PRODUCT_NAME = "$(TARGET_NAME)";
				SDKROOT = iphoneos;
				SWIFT_ACTIVE_COMPILATION_CONDITIONS = DEBUG;
				SWIFT_OPTIMIZATION_LEVEL = "-Onone";
				SWIFT_STRICT_CONCURRENCY = complete;
				SWIFT_VERSION = 6.0;
			};
			name = Local;
		};
/* End XCBuildConfiguration section */

/* Begin XCConfigurationList section */
		8B558A61C2AA66DF37D6BBD7 /* Build configuration list for PBXProject "tunedIn" */ = {
			isa = XCConfigurationList;
			buildConfigurations = (
				64A52F134C16FA0DD7E57EB3 /* Development */,
				FE824E0DCA9C3BA12C929A72 /* Local */,
				59C00E7E91C787526F0920F4 /* Production */,
				BFE05995D3939EC1ABAA8C8A /* Staging */,
			);
			defaultConfigurationIsVisible = 0;
			defaultConfigurationName = Development;
		};
		ADC3F6E349A24D94F0FFB66C /* Build configuration list for PBXNativeTarget "tunedIn" */ = {
			isa = XCConfigurationList;
			buildConfigurations = (
				2120458D84CDD7889E5C7E01 /* Development */,
				9991FEA2B977BF2D4EDB23E2 /* Local */,
				7AD3E43C812DE8842B301D4E /* Production */,
				57C362E17442CF6759349218 /* Staging */,
			);
			defaultConfigurationIsVisible = 0;
			defaultConfigurationName = Development;
		};
		BCA174E2321634208B7EC300 /* Build configuration list for PBXNativeTarget "tunedInTests" */ = {
			isa = XCConfigurationList;
			buildConfigurations = (
				F3DCC2DDD0915B0E8410D333 /* Development */,
				12677CEFF6792045C4EA2F19 /* Local */,
				1E6BA31E44543072097F2CCE /* Production */,
				0A6AAC3ECDB4A0931AAFCE5F /* Staging */,
			);
			defaultConfigurationIsVisible = 0;
			defaultConfigurationName = Development;
		};
/* End XCConfigurationList section */

/* Begin XCRemoteSwiftPackageReference section */
		5BF1C72B29DF638DD6CD9263 /* XCRemoteSwiftPackageReference "posthog-ios" */ = {
			isa = XCRemoteSwiftPackageReference;
			repositoryURL = "https://github.com/PostHog/posthog-ios.git";
			requirement = {
				kind = upToNextMajorVersion;
				minimumVersion = 3.64.6;
			};
		};
		A929FDB00F78FF8BF3C14391 /* XCRemoteSwiftPackageReference "GoogleSignIn-iOS" */ = {
			isa = XCRemoteSwiftPackageReference;
			repositoryURL = "https://github.com/google/GoogleSignIn-iOS.git";
			requirement = {
				kind = upToNextMajorVersion;
				minimumVersion = 9.2.0;
			};
		};
		AF2907167FBA725F0D32DD46 /* XCRemoteSwiftPackageReference "supabase-swift" */ = {
			isa = XCRemoteSwiftPackageReference;
			repositoryURL = "https://github.com/supabase/supabase-swift.git";
			requirement = {
				kind = upToNextMajorVersion;
				minimumVersion = 2.0.0;
			};
		};
/* End XCRemoteSwiftPackageReference section */

/* Begin XCSwiftPackageProductDependency section */
		B6F2D9A4EC1EE98284A811CD /* GoogleSignIn */ = {
			isa = XCSwiftPackageProductDependency;
			package = A929FDB00F78FF8BF3C14391 /* XCRemoteSwiftPackageReference "GoogleSignIn-iOS" */;
			productName = GoogleSignIn;
		};
		CB89FFF236B4128126206475 /* Supabase */ = {
			isa = XCSwiftPackageProductDependency;
			package = AF2907167FBA725F0D32DD46 /* XCRemoteSwiftPackageReference "supabase-swift" */;
			productName = Supabase;
		};
		E5690A68EF65B2159DF137FC /* PostHog */ = {
			isa = XCSwiftPackageProductDependency;
			package = 5BF1C72B29DF638DD6CD9263 /* XCRemoteSwiftPackageReference "posthog-ios" */;
			productName = PostHog;
		};
/* End XCSwiftPackageProductDependency section */
	};
	rootObject = 1BF06E26FE879841BA1404E4 /* Project object */;
}
